
Microsoft Visual Studio Solution File, Format Version 12.00
# Visual Studio 15
VisualStudioVersion = 15.0.27004.2002
MinimumVisualStudioVersion = 10.0.40219.1
Project("{8BC9CEB8-8B4A-11D0-8D11-00A0C91BC942}") = "MeshTool", "MeshTool\MeshTool.vcxproj", "{467F8806-C8AE-49FC-B7CC-DF1A8C08D451}"
EndProject
Global
	GlobalSection(SolutionConfigurationPlatforms) = preSolution
		Debug|x64 = Debug|x64
		Debug|x86 = Debug|x86
		Release|x64 = Release|x64
		Release|x86 = Release|x86
	EndGlobalSection
	GlobalSection(ProjectConfigurationPlatforms) = postSolution
		{467F8806-C8AE-49FC-B7CC-DF1A8C08D451}.Debug|x64.ActiveCfg = Debug|x64
		{467F8806-C8AE-49FC-B7CC-DF1A8C08D451}.Debug|x64.Build.0 = Debug|x64
		{467F8806-C8AE-49FC-B7CC-DF1A8C08D451}.Debug|x86.ActiveCfg = Debug|Win32
		{467F8806-C8AE-49FC-B7CC-DF1A8C08D451}.Debug|x86.Build.0 = Debug|Win32
		{467F8806-C8AE-49FC-B7CC-DF1A8C08D451}.Release|x64.ActiveCfg = Release|x64
		{467F8806-C8AE-49FC-B7CC-DF1A8C08D451}.Release|x64.Build.0 = Release|x64
		{467F8806-C8AE-49FC-B7CC-DF1A8C08D451}.Release|x86.ActiveCfg = Release|Win32
		{467F8806-C8AE-49FC-B7CC-DF1A8C08D451}.Release|x86.Build.0 = Release|Win32
	EndGlobalSection
	GlobalSection(SolutionProperties) = preSolution
		HideSolutionNode = FALSE
	EndGlobalSection
	GlobalSection(ExtensibilityGlobals) = postSolution
		SolutionGuid = {3859B536-99ED-4C74-9E2D-415BADD964E5}
	EndGlobalSection
EndGlobal
