<?xml version="1.0" encoding="utf-8"?>
<Project ToolsVersion="4.0" xmlns="http://schemas.microsoft.com/developer/msbuild/2003">
  <ItemGroup>
    <Filter Include="Code">
      <UniqueIdentifier>{93995380-89BD-4b04-88EB-625FBE52EBFB}</UniqueIdentifier>
      <Extensions>h;hh;hpp;hxx;hm;inl;inc;xsd</Extensions>
    </Filter>
    <Filter Include="Code\EntityComponentSystem">
      <UniqueIdentifier>{bae4ac82-fd35-472e-a2c7-c8685776f2de}</UniqueIdentifier>
    </Filter>
    <Filter Include="Resources">
      <UniqueIdentifier>{67DA6AB6-F800-4c08-8B7A-83BB121AAD01}</UniqueIdentifier>
      <Extensions>rc;ico;cur;bmp;dlg;rc2;rct;bin;rgs;gif;jpg;jpeg;jpe;resx;tiff;tif;png;wav;mfcribbon-ms</Extensions>
    </Filter>
    <Filter Include="Resources\Shaders">
      <UniqueIdentifier>{1085c481-b949-4324-882a-2e278f207240}</UniqueIdentifier>
    </Filter>
    <Filter Include="Code\Graphics">
      <UniqueIdentifier>{9ae33d89-0111-4a03-9d64-986cff720ca1}</UniqueIdentifier>
    </Filter>
    <Filter Include="Code\EntityComponentSystem\Systems">
      <UniqueIdentifier>{36023e1e-0f00-459b-8857-0e16397eef8d}</UniqueIdentifier>
    </Filter>
    <Filter Include="Code\Gui">
      <UniqueIdentifier>{868d1b81-f4b6-4a33-8b27-cdfd3b3cbe85}</UniqueIdentifier>
    </Filter>
    <Filter Include="Code\Gui\Elements">
      <UniqueIdentifier>{ddf18284-aa0c-4f1b-8546-9b1199824788}</UniqueIdentifier>
    </Filter>
    <Filter Include="Code\Gui\Systems">
      <UniqueIdentifier>{095a1411-dae1-467e-af16-8fc134866d5c}</UniqueIdentifier>
    </Filter>
    <Filter Include="Code\Utilities">
      <UniqueIdentifier>{1d64857a-4d43-4374-8d7f-8dacc4c680a1}</UniqueIdentifier>
    </Filter>
    <Filter Include="Code\Gui\Style">
      <UniqueIdentifier>{2d455f71-0b4b-4d1a-b11a-1dfe9be17542}</UniqueIdentifier>
    </Filter>
    <Filter Include="Code\Network">
      <UniqueIdentifier>{1286c2c9-1bf9-415e-9759-e97d03f9efcb}</UniqueIdentifier>
    </Filter>
    <Filter Include="Resources\Shaders\Shared">
      <UniqueIdentifier>{f54cb0f4-abc4-46d1-a4fd-1ad0c4cb86b7}</UniqueIdentifier>
    </Filter>
    <Filter Include="Resources\Shaders\PostProcess">
      <UniqueIdentifier>{ff480144-1269-4aae-9ff8-2a92397ca37d}</UniqueIdentifier>
    </Filter>
    <Filter Include="Resources\Shaders\Renderer">
      <UniqueIdentifier>{dc3a3c67-e8b1-485b-843b-fd7cb0ca4208}</UniqueIdentifier>
    </Filter>
    <Filter Include="Resources\Shaders\Shadows">
      <UniqueIdentifier>{a52c87ac-4bf9-446d-bdfa-b2e1acb9fb2d}</UniqueIdentifier>
    </Filter>
    <Filter Include="Resources\Shaders\Gui">
      <UniqueIdentifier>{45cf55af-09c7-4ea3-a2be-b10bf29dd37a}</UniqueIdentifier>
    </Filter>
    <Filter Include="Resources\Shaders\Environment">
      <UniqueIdentifier>{814409e0-b28b-4b8b-b55b-ab5d3c9dd8c9}</UniqueIdentifier>
    </Filter>
    <Filter Include="Resources\Shaders\Water">
      <UniqueIdentifier>{fe4e8533-1997-40ab-96aa-d217dd0a1681}</UniqueIdentifier>
    </Filter>
    <Filter Include="Resources\Shaders\Custom">
      <UniqueIdentifier>{7d9e075f-bc31-497f-9c83-a2e6a359f951}</UniqueIdentifier>
    </Filter>
    <Filter Include="Code\Input">
      <UniqueIdentifier>{c289388a-c2ce-4012-8ea7-2da7b6559b91}</UniqueIdentifier>
    </Filter>
    <Filter Include="Code\Graphics\OpenGL">
      <UniqueIdentifier>{14522b25-1ad9-48f9-a04b-8841e595a3a6}</UniqueIdentifier>
    </Filter>
    <Filter Include="Code\Sound">
      <UniqueIdentifier>{85ccda0b-c00e-4102-acac-c3ebc2e3e7ec}</UniqueIdentifier>
    </Filter>
    <Filter Include="Code\Sound\OpenAL">
      <UniqueIdentifier>{bc642f1d-373d-452e-b969-f8db6fefba5b}</UniqueIdentifier>
    </Filter>
    <Filter Include="Code\Window">
      <UniqueIdentifier>{386b7288-00dd-4e97-98f6-c913fe6289cc}</UniqueIdentifier>
    </Filter>
    <Filter Include="Code\Window\GLFW">
      <UniqueIdentifier>{1074de25-d66f-4f38-bf8a-f125d714caba}</UniqueIdentifier>
    </Filter>
    <Filter Include="Resources\Shaders\PostProcess\DepthOfField">
      <UniqueIdentifier>{de620e19-2d2e-4519-a044-89c6b4f29da1}</UniqueIdentifier>
    </Filter>
    <Filter Include="Resources\Shaders\PostProcess\DepthOfField\Simple">
      <UniqueIdentifier>{fe77ffa1-084b-4e1f-856c-e2939abd6454}</UniqueIdentifier>
    </Filter>
    <Filter Include="Resources\Shaders\PostProcess\DepthOfField\TileBasedCombined">
      <UniqueIdentifier>{89655ec4-99ee-4db6-9350-a62ff48f6593}</UniqueIdentifier>
    </Filter>
    <Filter Include="Resources\Shaders\PostProcess\DepthOfField\TileBasedSeperate">
      <UniqueIdentifier>{c3093d35-ce85-4af2-9728-eecde0e00aaa}</UniqueIdentifier>
    </Filter>
    <Filter Include="Resources\Shaders\PostProcess\LensFlares">
      <UniqueIdentifier>{7975c718-21ed-4d89-a00a-0f47b4e445e2}</UniqueIdentifier>
    </Filter>
    <Filter Include="Resources\Shaders\PostProcess\MotionBlur">
      <UniqueIdentifier>{2885a8f2-655f-4990-bb0d-5761e53c6c30}</UniqueIdentifier>
    </Filter>
    <Filter Include="Resources\Shaders\PostProcess\DepthOfField\SpriteBased">
      <UniqueIdentifier>{a19060b8-bab5-41f1-992b-aef142f2a143}</UniqueIdentifier>
    </Filter>
    <Filter Include="Resources\Shaders\PostProcess\GodRays">
      <UniqueIdentifier>{34d4b5d2-e09d-4528-96d4-4f558b29ec99}</UniqueIdentifier>
    </Filter>
    <Filter Include="Resources\Shaders\Include">
      <UniqueIdentifier>{4011fc24-d1cc-4b62-9803-85402742770e}</UniqueIdentifier>
    </Filter>
    <Filter Include="Resources\Shaders\PostProcess\AA">
      <UniqueIdentifier>{1f657320-af97-4bab-97fd-ebba6538cf96}</UniqueIdentifier>
    </Filter>
    <Filter Include="Code\Graphics\OpenGL\RenderPass">
      <UniqueIdentifier>{cbbb0270-0863-4f4d-80d8-abb9d7242ab0}</UniqueIdentifier>
    </Filter>
    <Filter Include="Code\Graphics\OpenGL\RenderPass\SSAO">
      <UniqueIdentifier>{a91006e6-729c-4a71-82f4-6b8d9fb5256e}</UniqueIdentifier>
    </Filter>
    <Filter Include="Code\Graphics\OpenGL\RenderPass\Lighting">
      <UniqueIdentifier>{717fe048-600b-4872-92a2-215fd45703a8}</UniqueIdentifier>
    </Filter>
    <Filter Include="Code\Graphics\OpenGL\RenderPass\Geometry">
      <UniqueIdentifier>{084c7d3e-9e9d-4e9f-91ef-bceb91cb2e83}</UniqueIdentifier>
    </Filter>
    <Filter Include="Code\Graphics\OpenGL\RenderPass\Ocean">
      <UniqueIdentifier>{e8d931bd-3942-4c2b-b85c-7100df284ad3}</UniqueIdentifier>
    </Filter>
    <Filter Include="Code\Graphics\OpenGL\RenderPass\LPV">
      <UniqueIdentifier>{b2cc59ac-ba4b-4065-aa26-41ba330c23aa}</UniqueIdentifier>
    </Filter>
    <Filter Include="Code\Graphics\OpenGL\RenderPass\Shadow">
      <UniqueIdentifier>{7d9d1429-49f0-451d-a596-b9eff7359786}</UniqueIdentifier>
    </Filter>
  </ItemGroup>
  <ItemGroup>
    <ClInclude Include="Code\Engine.h">
      <Filter>Code</Filter>
    </ClInclude>
    <ClInclude Include="Code\EntityComponentSystem\EntityManager.h">
      <Filter>Code\EntityComponentSystem</Filter>
    </ClInclude>
    <ClInclude Include="Code\EntityComponentSystem\Component.h">
      <Filter>Code\EntityComponentSystem</Filter>
    </ClInclude>
    <ClInclude Include="Code\EntityComponentSystem\System.h">
      <Filter>Code\EntityComponentSystem</Filter>
    </ClInclude>
    <ClInclude Include="Code\EntityComponentSystem\SystemManager.h">
      <Filter>Code\EntityComponentSystem</Filter>
    </ClInclude>
    <ClInclude Include="Code\Graphics\Camera.h">
      <Filter>Code\Graphics</Filter>
    </ClInclude>
    <ClInclude Include="Code\Graphics\Texture.h">
      <Filter>Code\Graphics</Filter>
    </ClInclude>
    <ClInclude Include="Code\Graphics\Material.h">
      <Filter>Code\Graphics</Filter>
    </ClInclude>
    <ClInclude Include="Code\Graphics\Lights.h">
      <Filter>Code\Graphics</Filter>
    </ClInclude>
    <ClInclude Include="Code\IGameLogic.h">
      <Filter>Code</Filter>
    </ClInclude>
    <ClInclude Include="Code\Graphics\Scene.h">
      <Filter>Code\Graphics</Filter>
    </ClInclude>
    <ClInclude Include="Code\EntityComponentSystem\Systems\RenderSystem.h">
      <Filter>Code\EntityComponentSystem\Systems</Filter>
    </ClInclude>
    <ClInclude Include="Code\Settings.h">
      <Filter>Code</Filter>
    </ClInclude>
    <ClInclude Include="Code\EasingFunctions.h">
      <Filter>Code</Filter>
    </ClInclude>
    <ClInclude Include="Code\Gui\Elements\GuiRow.h">
      <Filter>Code\Gui\Elements</Filter>
    </ClInclude>
    <ClInclude Include="Code\Gui\Elements\GuiWindow.h">
      <Filter>Code\Gui\Elements</Filter>
    </ClInclude>
    <ClInclude Include="Code\Gui\Elements\GuiElement.h">
      <Filter>Code\Gui\Elements</Filter>
    </ClInclude>
    <ClInclude Include="Code\Gui\Systems\GuiFontManager.h">
      <Filter>Code\Gui\Systems</Filter>
    </ClInclude>
    <ClInclude Include="Code\Gui\Systems\GuiInputHandler.h">
      <Filter>Code\Gui\Systems</Filter>
    </ClInclude>
    <ClInclude Include="Code\Gui\Systems\GuiRenderer.h">
      <Filter>Code\Gui\Systems</Filter>
    </ClInclude>
    <ClInclude Include="Code\Gui\GuiEvent.h">
      <Filter>Code\Gui</Filter>
    </ClInclude>
    <ClInclude Include="Code\Gui\GuiJSONParser.h">
      <Filter>Code\Gui</Filter>
    </ClInclude>
    <ClInclude Include="Code\Gui\GuiLayout.h">
      <Filter>Code\Gui</Filter>
    </ClInclude>
    <ClInclude Include="Code\Gui\GuiUtility.h">
      <Filter>Code\Gui</Filter>
    </ClInclude>
    <ClInclude Include="Code\Gui\nuklearInclude.h">
      <Filter>Code\Gui</Filter>
    </ClInclude>
    <ClInclude Include="Code\Gui\Gui.h">
      <Filter>Code\Gui</Filter>
    </ClInclude>
    <ClInclude Include="Code\DebugMacro.h">
      <Filter>Code</Filter>
    </ClInclude>
    <ClInclude Include="Code\Utilities\INIFile.h">
      <Filter>Code\Utilities</Filter>
    </ClInclude>
    <ClInclude Include="Code\Utilities\Utility.h">
      <Filter>Code\Utilities</Filter>
    </ClInclude>
    <ClInclude Include="Code\Gui\Style\GuiStyleSheet.h">
      <Filter>Code\Gui\Style</Filter>
    </ClInclude>
    <ClInclude Include="Code\Gui\Style\GuiStyleProperty.h">
      <Filter>Code\Gui\Style</Filter>
    </ClInclude>
    <ClInclude Include="Code\Gui\Style\GuiStyleBlock.h">
      <Filter>Code\Gui\Style</Filter>
    </ClInclude>
    <ClInclude Include="Code\EntityComponentSystem\Systems\MovementSystem.h">
      <Filter>Code\EntityComponentSystem\Systems</Filter>
    </ClInclude>
    <ClInclude Include="Code\EntityComponentSystem\Systems\GrabbingSystem.h">
      <Filter>Code\EntityComponentSystem\Systems</Filter>
    </ClInclude>
    <ClInclude Include="Code\Gui\overview.h">
      <Filter>Code\Gui</Filter>
    </ClInclude>
    <ClInclude Include="Code\Utilities\Intersection.h">
      <Filter>Code\Utilities</Filter>
    </ClInclude>
    <ClInclude Include="Code\Network\asioInclude.h">
      <Filter>Code\Network</Filter>
    </ClInclude>
    <ClInclude Include="Code\Network\NetUtility.h">
      <Filter>Code\Network</Filter>
    </ClInclude>
    <ClInclude Include="Code\Network\Connection.h">
      <Filter>Code\Network</Filter>
    </ClInclude>
    <ClInclude Include="Code\Network\ByteBuffer.h">
      <Filter>Code\Network</Filter>
    </ClInclude>
    <ClInclude Include="Code\Network\BaseServer.h">
      <Filter>Code\Network</Filter>
    </ClInclude>
    <ClInclude Include="Code\EntityComponentSystem\Systems\RotationSystem.h">
      <Filter>Code\EntityComponentSystem\Systems</Filter>
    </ClInclude>
    <ClInclude Include="Code\EntityComponentSystem\Systems\SoundSystem.h">
      <Filter>Code\EntityComponentSystem\Systems</Filter>
    </ClInclude>
    <ClInclude Include="Code\EntityComponentSystem\Systems\PerpetualRotationSystem.h">
      <Filter>Code\EntityComponentSystem\Systems</Filter>
    </ClInclude>
    <ClInclude Include="Code\EntityComponentSystem\Systems\MovementPathSystem.h">
      <Filter>Code\EntityComponentSystem\Systems</Filter>
    </ClInclude>
    <ClInclude Include="Code\Utilities\JSONUtility.h">
      <Filter>Code\Utilities</Filter>
    </ClInclude>
    <ClInclude Include="Code\Gui\IIdentifiable.h">
      <Filter>Code\Gui</Filter>
    </ClInclude>
    <ClInclude Include="Code\Gui\GuiPopup.h">
      <Filter>Code\Gui</Filter>
    </ClInclude>
    <ClInclude Include="Code\Gui\Style\IStyleable.h">
      <Filter>Code\Gui\Style</Filter>
    </ClInclude>
    <ClInclude Include="Code\Network\NetLoadManager.h">
      <Filter>Code\Network</Filter>
    </ClInclude>
    <ClInclude Include="Code\Utilities\md5.h">
      <Filter>Code\Utilities</Filter>
    </ClInclude>
    <ClInclude Include="Code\Graphics\EnvironmentProbe.h">
      <Filter>Code\Graphics</Filter>
    </ClInclude>
    <ClInclude Include="Code\Level.h">
      <Filter>Code</Filter>
    </ClInclude>
    <ClInclude Include="Code\Graphics\Effects.h">
      <Filter>Code\Graphics</Filter>
    </ClInclude>
    <ClInclude Include="Code\JobManager.h">
      <Filter>Code</Filter>
    </ClInclude>
    <ClInclude Include="Code\Graphics\EntityRenderData.h">
      <Filter>Code\Graphics</Filter>
    </ClInclude>
    <ClInclude Include="Code\Graphics\CameraPath.h">
      <Filter>Code\Graphics</Filter>
    </ClInclude>
    <ClInclude Include="Code\Gui\IDimensionable.h">
      <Filter>Code\Gui</Filter>
    </ClInclude>
    <ClInclude Include="Code\EntityComponentSystem\IOnComponentAddedListener.h">
      <Filter>Code\EntityComponentSystem</Filter>
    </ClInclude>
    <ClInclude Include="Code\EntityComponentSystem\IOnComponentRemovedListener.h">
      <Filter>Code\EntityComponentSystem</Filter>
    </ClInclude>
    <ClInclude Include="Code\EntityComponentSystem\IOnEntityCreatedListener.h">
      <Filter>Code\EntityComponentSystem</Filter>
    </ClInclude>
    <ClInclude Include="Code\EntityComponentSystem\IOnEntityDestructionListener.h">
      <Filter>Code\EntityComponentSystem</Filter>
    </ClInclude>
    <ClInclude Include="Code\Graphics\Model.h">
      <Filter>Code\Graphics</Filter>
    </ClInclude>
    <ClInclude Include="Code\Graphics\Mesh.h">
      <Filter>Code\Graphics</Filter>
    </ClInclude>
    <ClInclude Include="Code\EntityComponentSystem\Systems\PhysicsSystem.h">
      <Filter>Code\EntityComponentSystem\Systems</Filter>
    </ClInclude>
    <ClInclude Include="Code\Graphics\AxisAlignedBoundingBox.h">
      <Filter>Code\Graphics</Filter>
    </ClInclude>
    <ClInclude Include="Code\Input\InputTokens.h">
      <Filter>Code\Input</Filter>
    </ClInclude>
    <ClInclude Include="Code\Input\ICharListener.h">
      <Filter>Code\Input</Filter>
    </ClInclude>
    <ClInclude Include="Code\Input\IKeyListener.h">
      <Filter>Code\Input</Filter>
    </ClInclude>
    <ClInclude Include="Code\Input\IMouseButtonListener.h">
      <Filter>Code\Input</Filter>
    </ClInclude>
    <ClInclude Include="Code\Input\IScrollListener.h">
      <Filter>Code\Input</Filter>
    </ClInclude>
    <ClInclude Include="Code\Input\UserInput.h">
      <Filter>Code\Input</Filter>
    </ClInclude>
    <ClInclude Include="Code\Input\Gamepad.h">
      <Filter>Code\Input</Filter>
    </ClInclude>
    <ClInclude Include="Code\Graphics\OpenGL\Buffer.h">
      <Filter>Code\Graphics\OpenGL</Filter>
    </ClInclude>
    <ClInclude Include="Code\Graphics\OpenGL\EnvironmentRenderer.h">
      <Filter>Code\Graphics\OpenGL</Filter>
    </ClInclude>
    <ClInclude Include="Code\Graphics\OpenGL\GraphicsFramework.h">
      <Filter>Code\Graphics\OpenGL</Filter>
    </ClInclude>
    <ClInclude Include="Code\Graphics\OpenGL\MediumDescription.h">
      <Filter>Code\Graphics\OpenGL</Filter>
    </ClInclude>
    <ClInclude Include="Code\Graphics\OpenGL\Ocean.h">
      <Filter>Code\Graphics\OpenGL</Filter>
    </ClInclude>
    <ClInclude Include="Code\Graphics\OpenGL\PostProcessRenderer.h">
      <Filter>Code\Graphics\OpenGL</Filter>
    </ClInclude>
    <ClInclude Include="Code\Graphics\OpenGL\RenderData.h">
      <Filter>Code\Graphics\OpenGL</Filter>
    </ClInclude>
    <ClInclude Include="Code\Graphics\OpenGL\SceneRenderer.h">
      <Filter>Code\Graphics\OpenGL</Filter>
    </ClInclude>
    <ClInclude Include="Code\Graphics\OpenGL\ShaderProgram.h">
      <Filter>Code\Graphics\OpenGL</Filter>
    </ClInclude>
    <ClInclude Include="Code\Graphics\OpenGL\TileRing.h">
      <Filter>Code\Graphics\OpenGL</Filter>
    </ClInclude>
    <ClInclude Include="Code\Graphics\OpenGL\Uniform.h">
      <Filter>Code\Graphics\OpenGL</Filter>
    </ClInclude>
    <ClInclude Include="Code\Graphics\OpenGL\VolumetricLighting.h">
      <Filter>Code\Graphics\OpenGL</Filter>
    </ClInclude>
    <ClInclude Include="Code\Sound\OpenAL\SoundBuffer.h">
      <Filter>Code\Sound\OpenAL</Filter>
    </ClInclude>
    <ClInclude Include="Code\Sound\OpenAL\SoundFramework.h">
      <Filter>Code\Sound\OpenAL</Filter>
    </ClInclude>
    <ClInclude Include="Code\Sound\OpenAL\SoundListener.h">
      <Filter>Code\Sound\OpenAL</Filter>
    </ClInclude>
    <ClInclude Include="Code\Sound\OpenAL\SoundSource.h">
      <Filter>Code\Sound\OpenAL</Filter>
    </ClInclude>
    <ClInclude Include="Code\Sound\OpenAL\stb_vorbis.h">
      <Filter>Code\Sound\OpenAL</Filter>
    </ClInclude>
    <ClInclude Include="Code\Window\Window.h">
      <Filter>Code\Window</Filter>
    </ClInclude>
    <ClInclude Include="Code\Window\GLFW\IInputListener.h">
      <Filter>Code\Window\GLFW</Filter>
    </ClInclude>
    <ClInclude Include="Code\Window\GLFW\IWindowResizeListener.h">
      <Filter>Code\Window\GLFW</Filter>
    </ClInclude>
    <ClInclude Include="Code\Window\GLFW\WindowFramework.h">
      <Filter>Code\Window\GLFW</Filter>
    </ClInclude>
    <ClInclude Include="Code\Graphics\OpenGL\GLUtility.h">
      <Filter>Code\Graphics\OpenGL</Filter>
    </ClInclude>
    <ClInclude Include="Code\Sound\OpenAL\ALUtility.h">
      <Filter>Code\Sound\OpenAL</Filter>
    </ClInclude>
    <ClInclude Include="Code\Utilities\ContainerUtility.h">
      <Filter>Code\Utilities</Filter>
    </ClInclude>
    <ClInclude Include="Code\Utilities\MathUtility.h">
      <Filter>Code\Utilities</Filter>
    </ClInclude>
    <ClInclude Include="..\Application\Resources\Shaders\Include\brdf.h">
      <Filter>Resources\Shaders\Include</Filter>
    </ClInclude>
    <ClInclude Include="..\Application\Resources\Shaders\Include\SMAA.h">
      <Filter>Resources\Shaders\Include</Filter>
    </ClInclude>
    <ClInclude Include="Code\Graphics\Frustum.h">
      <Filter>Code\Graphics</Filter>
    </ClInclude>
    <ClInclude Include="Code\Graphics\OpenGL\RenderPass\RenderPass.h">
      <Filter>Code\Graphics\OpenGL\RenderPass</Filter>
    </ClInclude>
    <ClInclude Include="Code\Graphics\OpenGL\GBuffer.h">
      <Filter>Code\Graphics\OpenGL</Filter>
    </ClInclude>
    <ClInclude Include="Code\Graphics\OpenGL\RenderPass\SSAO\GTAODenoiseRenderPass.h">
      <Filter>Code\Graphics\OpenGL\RenderPass\SSAO</Filter>
    </ClInclude>
    <ClInclude Include="Code\Graphics\OpenGL\RenderPass\SSAO\GTAORenderPass.h">
      <Filter>Code\Graphics\OpenGL\RenderPass\SSAO</Filter>
    </ClInclude>
    <ClInclude Include="Code\Graphics\OpenGL\RenderPass\SSAO\HBAORenderPass.h">
      <Filter>Code\Graphics\OpenGL\RenderPass\SSAO</Filter>
    </ClInclude>
    <ClInclude Include="Code\Graphics\OpenGL\RenderPass\SSAO\SSAOBilateralBlurRenderPass.h">
      <Filter>Code\Graphics\OpenGL\RenderPass\SSAO</Filter>
    </ClInclude>
    <ClInclude Include="Code\Graphics\OpenGL\RenderPass\SSAO\SSAOBlurRenderPass.h">
      <Filter>Code\Graphics\OpenGL\RenderPass\SSAO</Filter>
    </ClInclude>
    <ClInclude Include="Code\Graphics\OpenGL\RenderPass\SSAO\SSAOOriginalRenderPass.h">
      <Filter>Code\Graphics\OpenGL\RenderPass\SSAO</Filter>
    </ClInclude>
    <ClInclude Include="Code\Graphics\OpenGL\RenderPass\SSAO\SSAORenderPass.h">
      <Filter>Code\Graphics\OpenGL\RenderPass\SSAO</Filter>
    </ClInclude>
    <ClInclude Include="Code\Graphics\OpenGL\RenderPass\Lighting\AmbientLightRenderPass.h">
      <Filter>Code\Graphics\OpenGL\RenderPass\Lighting</Filter>
    </ClInclude>
    <ClInclude Include="Code\Graphics\OpenGL\RenderPass\Lighting\DirectionalLightRenderPass.h">
      <Filter>Code\Graphics\OpenGL\RenderPass\Lighting</Filter>
    </ClInclude>
    <ClInclude Include="Code\Graphics\OpenGL\RenderPass\Lighting\PointLightRenderPass.h">
      <Filter>Code\Graphics\OpenGL\RenderPass\Lighting</Filter>
    </ClInclude>
    <ClInclude Include="Code\Graphics\OpenGL\RenderPass\Lighting\SpotLightRenderPass.h">
      <Filter>Code\Graphics\OpenGL\RenderPass\Lighting</Filter>
    </ClInclude>
    <ClInclude Include="Code\Graphics\OpenGL\RenderPass\Geometry\ForwardCustomRenderPass.h">
      <Filter>Code\Graphics\OpenGL\RenderPass\Geometry</Filter>
    </ClInclude>
    <ClInclude Include="Code\Graphics\OpenGL\RenderPass\Geometry\ForwardRenderPass.h">
      <Filter>Code\Graphics\OpenGL\RenderPass\Geometry</Filter>
    </ClInclude>
    <ClInclude Include="Code\Graphics\OpenGL\RenderPass\Geometry\GBufferCustomRenderPass.h">
      <Filter>Code\Graphics\OpenGL\RenderPass\Geometry</Filter>
    </ClInclude>
    <ClInclude Include="Code\Graphics\OpenGL\RenderPass\Geometry\GBufferRenderPass.h">
      <Filter>Code\Graphics\OpenGL\RenderPass\Geometry</Filter>
    </ClInclude>
    <ClInclude Include="Code\Graphics\OpenGL\RenderPass\Geometry\LightProbeRenderPass.h">
      <Filter>Code\Graphics\OpenGL\RenderPass\Geometry</Filter>
    </ClInclude>
    <ClInclude Include="Code\Graphics\OpenGL\RenderPass\Geometry\OutlineRenderPass.h">
      <Filter>Code\Graphics\OpenGL\RenderPass\Geometry</Filter>
    </ClInclude>
    <ClInclude Include="Code\Graphics\OpenGL\RenderPass\Geometry\SkyboxRenderPass.h">
      <Filter>Code\Graphics\OpenGL\RenderPass\Geometry</Filter>
    </ClInclude>
    <ClInclude Include="Code\Graphics\OpenGL\RenderPass\Ocean\ButterflyPrecomputeRenderPass.h">
      <Filter>Code\Graphics\OpenGL\RenderPass\Ocean</Filter>
    </ClInclude>
    <ClInclude Include="Code\Graphics\OpenGL\RenderPass\Ocean\ButterflyComputeRenderPass.h">
      <Filter>Code\Graphics\OpenGL\RenderPass\Ocean</Filter>
    </ClInclude>
    <ClInclude Include="Code\Graphics\OpenGL\RenderPass\Ocean\TildeH0kRenderPass.h">
      <Filter>Code\Graphics\OpenGL\RenderPass\Ocean</Filter>
    </ClInclude>
    <ClInclude Include="Code\Graphics\OpenGL\RenderPass\Ocean\TildeHktRenderPass.h">
      <Filter>Code\Graphics\OpenGL\RenderPass\Ocean</Filter>
    </ClInclude>
    <ClInclude Include="Code\Graphics\OpenGL\RenderPass\Ocean\InversePermuteRenderPass.h">
      <Filter>Code\Graphics\OpenGL\RenderPass\Ocean</Filter>
    </ClInclude>
    <ClInclude Include="Code\Graphics\OpenGL\RenderPass\Ocean\OceanNormalRenderPass.h">
      <Filter>Code\Graphics\OpenGL\RenderPass\Ocean</Filter>
    </ClInclude>
    <ClInclude Include="Code\Graphics\OpenGL\RenderPass\Ocean\OceanRenderPass.h">
      <Filter>Code\Graphics\OpenGL\RenderPass\Ocean</Filter>
    </ClInclude>
    <ClInclude Include="Code\Graphics\OpenGL\RenderPass\Ocean\OceanTesselationRenderPass.h">
      <Filter>Code\Graphics\OpenGL\RenderPass\Ocean</Filter>
    </ClInclude>
    <ClInclude Include="Code\Graphics\OpenGL\LightPropagationVolumes.h">
      <Filter>Code\Graphics\OpenGL</Filter>
    </ClInclude>
    <ClInclude Include="Code\Graphics\OpenGL\RenderPass\LPV\RSMRenderPass.h">
      <Filter>Code\Graphics\OpenGL\RenderPass\LPV</Filter>
    </ClInclude>
    <ClInclude Include="Code\Graphics\OpenGL\RenderPass\LPV\LightInjectionRenderPass.h">
      <Filter>Code\Graphics\OpenGL\RenderPass\LPV</Filter>
    </ClInclude>
    <ClInclude Include="Code\Graphics\OpenGL\RenderPass\LPV\LightPropagationRenderPass.h">
      <Filter>Code\Graphics\OpenGL\RenderPass\LPV</Filter>
    </ClInclude>
    <ClInclude Include="Code\Graphics\Volume.h">
      <Filter>Code\Graphics</Filter>
    </ClInclude>
    <ClInclude Include="Code\Graphics\OpenGL\RenderPass\Shadow\ShadowRenderPass.h">
      <Filter>Code\Graphics\OpenGL\RenderPass\Shadow</Filter>
    </ClInclude>
  </ItemGroup>
  <ItemGroup>
    <ClCompile Include="Code\Engine.cpp">
      <Filter>Code</Filter>
    </ClCompile>
    <ClCompile Include="Code\EntityComponentSystem\EntityManager.cpp">
      <Filter>Code\EntityComponentSystem</Filter>
    </ClCompile>
    <ClCompile Include="Code\EntityComponentSystem\Component.cpp">
      <Filter>Code\EntityComponentSystem</Filter>
    </ClCompile>
    <ClCompile Include="Code\EntityComponentSystem\SystemManager.cpp">
      <Filter>Code\EntityComponentSystem</Filter>
    </ClCompile>
    <ClCompile Include="Code\Graphics\Camera.cpp">
      <Filter>Code\Graphics</Filter>
    </ClCompile>
    <ClCompile Include="Code\Graphics\Material.cpp">
      <Filter>Code\Graphics</Filter>
    </ClCompile>
    <ClCompile Include="Code\Graphics\Mesh.cpp">
      <Filter>Code\Graphics</Filter>
    </ClCompile>
    <ClCompile Include="Code\Graphics\Texture.cpp">
      <Filter>Code\Graphics</Filter>
    </ClCompile>
    <ClCompile Include="Code\EntityComponentSystem\Systems\RenderSystem.cpp">
      <Filter>Code\EntityComponentSystem\Systems</Filter>
    </ClCompile>
    <ClCompile Include="Code\Settings.cpp">
      <Filter>Code</Filter>
    </ClCompile>
    <ClCompile Include="Code\EasingFunctions.cpp">
      <Filter>Code</Filter>
    </ClCompile>
    <ClCompile Include="Code\Gui\Elements\GuiRow.cpp">
      <Filter>Code\Gui\Elements</Filter>
    </ClCompile>
    <ClCompile Include="Code\Gui\Elements\GuiWindow.cpp">
      <Filter>Code\Gui\Elements</Filter>
    </ClCompile>
    <ClCompile Include="Code\Gui\Elements\GuiElement.cpp">
      <Filter>Code\Gui\Elements</Filter>
    </ClCompile>
    <ClCompile Include="Code\Gui\Systems\GuiInputHandler.cpp">
      <Filter>Code\Gui\Systems</Filter>
    </ClCompile>
    <ClCompile Include="Code\Gui\Systems\GuiRenderer.cpp">
      <Filter>Code\Gui\Systems</Filter>
    </ClCompile>
    <ClCompile Include="Code\Gui\Systems\GuiFontManager.cpp">
      <Filter>Code\Gui\Systems</Filter>
    </ClCompile>
    <ClCompile Include="Code\Gui\GuiJSONParser.cpp">
      <Filter>Code\Gui</Filter>
    </ClCompile>
    <ClCompile Include="Code\Gui\GuiLayout.cpp">
      <Filter>Code\Gui</Filter>
    </ClCompile>
    <ClCompile Include="Code\Gui\Gui.cpp">
      <Filter>Code\Gui</Filter>
    </ClCompile>
    <ClCompile Include="Code\Utilities\INIFile.cpp">
      <Filter>Code\Utilities</Filter>
    </ClCompile>
    <ClCompile Include="Code\Utilities\Utility.cpp">
      <Filter>Code\Utilities</Filter>
    </ClCompile>
    <ClCompile Include="Code\Gui\Style\GuiStyleProperty.cpp">
      <Filter>Code\Gui\Style</Filter>
    </ClCompile>
    <ClCompile Include="Code\Gui\Style\GuiStyleSheet.cpp">
      <Filter>Code\Gui\Style</Filter>
    </ClCompile>
    <ClCompile Include="Code\Gui\Style\GuiStyleBlock.cpp">
      <Filter>Code\Gui\Style</Filter>
    </ClCompile>
    <ClCompile Include="Code\EntityComponentSystem\Systems\MovementSystem.cpp">
      <Filter>Code\EntityComponentSystem\Systems</Filter>
    </ClCompile>
    <ClCompile Include="Code\EntityComponentSystem\Systems\GrabbingSystem.cpp">
      <Filter>Code\EntityComponentSystem\Systems</Filter>
    </ClCompile>
    <ClCompile Include="Code\Utilities\Intersection.cpp">
      <Filter>Code\Utilities</Filter>
    </ClCompile>
    <ClCompile Include="Code\Network\NetUtility.cpp">
      <Filter>Code\Network</Filter>
    </ClCompile>
    <ClCompile Include="Code\Network\Connection.cpp">
      <Filter>Code\Network</Filter>
    </ClCompile>
    <ClCompile Include="Code\Network\ByteBuffer.cpp">
      <Filter>Code\Network</Filter>
    </ClCompile>
    <ClCompile Include="Code\Network\BaseServer.cpp">
      <Filter>Code\Network</Filter>
    </ClCompile>
    <ClCompile Include="Code\Graphics\Lights.cpp">
      <Filter>Code\Graphics</Filter>
    </ClCompile>
    <ClCompile Include="Code\EntityComponentSystem\Systems\RotationSystem.cpp">
      <Filter>Code\EntityComponentSystem\Systems</Filter>
    </ClCompile>
    <ClCompile Include="Code\EntityComponentSystem\Systems\SoundSystem.cpp">
      <Filter>Code\EntityComponentSystem\Systems</Filter>
    </ClCompile>
    <ClCompile Include="Code\EntityComponentSystem\Systems\PerpetualRotationSystem.cpp">
      <Filter>Code\EntityComponentSystem\Systems</Filter>
    </ClCompile>
    <ClCompile Include="Code\EntityComponentSystem\Systems\MovementPathSystem.cpp">
      <Filter>Code\EntityComponentSystem\Systems</Filter>
    </ClCompile>
    <ClCompile Include="Code\Utilities\JSONUtility.cpp">
      <Filter>Code\Utilities</Filter>
    </ClCompile>
    <ClCompile Include="Code\Gui\Style\IStyleable.cpp">
      <Filter>Code\Gui\Style</Filter>
    </ClCompile>
    <ClCompile Include="Code\Network\NetLoadManager.cpp">
      <Filter>Code\Network</Filter>
    </ClCompile>
    <ClCompile Include="Code\Utilities\md5.cpp">
      <Filter>Code\Utilities</Filter>
    </ClCompile>
    <ClCompile Include="Code\Graphics\EnvironmentProbe.cpp">
      <Filter>Code\Graphics</Filter>
    </ClCompile>
    <ClCompile Include="Code\Level.cpp">
      <Filter>Code</Filter>
    </ClCompile>
    <ClCompile Include="Code\Graphics\stb_image.cpp">
      <Filter>Code\Graphics</Filter>
    </ClCompile>
    <ClCompile Include="Code\Graphics\stb_image_resize.cpp">
      <Filter>Code\Graphics</Filter>
    </ClCompile>
    <ClCompile Include="Code\JobManager.cpp">
      <Filter>Code</Filter>
    </ClCompile>
    <ClCompile Include="Code\Graphics\Scene.cpp">
      <Filter>Code\Graphics</Filter>
    </ClCompile>
    <ClCompile Include="Code\Graphics\CameraPath.cpp">
      <Filter>Code\Graphics</Filter>
    </ClCompile>
    <ClCompile Include="Code\EntityComponentSystem\System.cpp">
      <Filter>Code\EntityComponentSystem</Filter>
    </ClCompile>
    <ClCompile Include="Code\Graphics\Model.cpp">
      <Filter>Code\Graphics</Filter>
    </ClCompile>
    <ClCompile Include="Code\EntityComponentSystem\Systems\PhysicsSystem.cpp">
      <Filter>Code\EntityComponentSystem\Systems</Filter>
    </ClCompile>
    <ClCompile Include="Code\Input\UserInput.cpp">
      <Filter>Code\Input</Filter>
    </ClCompile>
    <ClCompile Include="Code\Graphics\OpenGL\Buffer.cpp">
      <Filter>Code\Graphics\OpenGL</Filter>
    </ClCompile>
    <ClCompile Include="Code\Graphics\OpenGL\EnvironmentRenderer.cpp">
      <Filter>Code\Graphics\OpenGL</Filter>
    </ClCompile>
    <ClCompile Include="Code\Graphics\OpenGL\glad.c">
      <Filter>Code\Graphics\OpenGL</Filter>
    </ClCompile>
    <ClCompile Include="Code\Graphics\OpenGL\GraphicsFramework.cpp">
      <Filter>Code\Graphics\OpenGL</Filter>
    </ClCompile>
    <ClCompile Include="Code\Graphics\OpenGL\Ocean.cpp">
      <Filter>Code\Graphics\OpenGL</Filter>
    </ClCompile>
    <ClCompile Include="Code\Graphics\OpenGL\PostProcessRenderer.cpp">
      <Filter>Code\Graphics\OpenGL</Filter>
    </ClCompile>
    <ClCompile Include="Code\Graphics\OpenGL\SceneRenderer.cpp">
      <Filter>Code\Graphics\OpenGL</Filter>
    </ClCompile>
    <ClCompile Include="Code\Graphics\OpenGL\ShaderProgram.cpp">
      <Filter>Code\Graphics\OpenGL</Filter>
    </ClCompile>
    <ClCompile Include="Code\Graphics\OpenGL\TileRing.cpp">
      <Filter>Code\Graphics\OpenGL</Filter>
    </ClCompile>
    <ClCompile Include="Code\Graphics\OpenGL\Uniform.cpp">
      <Filter>Code\Graphics\OpenGL</Filter>
    </ClCompile>
    <ClCompile Include="Code\Graphics\OpenGL\VolumetricLighting.cpp">
      <Filter>Code\Graphics\OpenGL</Filter>
    </ClCompile>
    <ClCompile Include="Code\Sound\OpenAL\SoundBuffer.cpp">
      <Filter>Code\Sound\OpenAL</Filter>
    </ClCompile>
    <ClCompile Include="Code\Sound\OpenAL\SoundFramework.cpp">
      <Filter>Code\Sound\OpenAL</Filter>
    </ClCompile>
    <ClCompile Include="Code\Sound\OpenAL\SoundListener.cpp">
      <Filter>Code\Sound\OpenAL</Filter>
    </ClCompile>
    <ClCompile Include="Code\Sound\OpenAL\SoundSource.cpp">
      <Filter>Code\Sound\OpenAL</Filter>
    </ClCompile>
    <ClCompile Include="Code\Sound\OpenAL\stb_vorbis.c">
      <Filter>Code\Sound\OpenAL</Filter>
    </ClCompile>
    <ClCompile Include="Code\Window\Window.cpp">
      <Filter>Code\Window</Filter>
    </ClCompile>
    <ClCompile Include="Code\Window\GLFW\WindowFramework.cpp">
      <Filter>Code\Window\GLFW</Filter>
    </ClCompile>
    <ClCompile Include="Code\Graphics\OpenGL\GLUtility.cpp">
      <Filter>Code\Graphics\OpenGL</Filter>
    </ClCompile>
    <ClCompile Include="Code\Sound\OpenAL\ALUtility.cpp">
      <Filter>Code\Sound\OpenAL</Filter>
    </ClCompile>
    <ClCompile Include="Code\Utilities\MathUtility.cpp">
      <Filter>Code\Utilities</Filter>
    </ClCompile>
    <ClCompile Include="Code\Graphics\Frustum.cpp">
      <Filter>Code\Graphics</Filter>
    </ClCompile>
    <ClCompile Include="Code\Graphics\OpenGL\RenderPass\RenderPass.cpp">
      <Filter>Code\Graphics\OpenGL\RenderPass</Filter>
    </ClCompile>
    <ClCompile Include="Code\Graphics\OpenGL\RenderPass\SSAO\GTAODenoiseRenderPass.cpp">
      <Filter>Code\Graphics\OpenGL\RenderPass\SSAO</Filter>
    </ClCompile>
    <ClCompile Include="Code\Graphics\OpenGL\RenderPass\SSAO\GTAORenderPass.cpp">
      <Filter>Code\Graphics\OpenGL\RenderPass\SSAO</Filter>
    </ClCompile>
    <ClCompile Include="Code\Graphics\OpenGL\RenderPass\SSAO\HBAORenderPass.cpp">
      <Filter>Code\Graphics\OpenGL\RenderPass\SSAO</Filter>
    </ClCompile>
    <ClCompile Include="Code\Graphics\OpenGL\RenderPass\SSAO\SSAOBilateralBlurRenderPass.cpp">
      <Filter>Code\Graphics\OpenGL\RenderPass\SSAO</Filter>
    </ClCompile>
    <ClCompile Include="Code\Graphics\OpenGL\RenderPass\SSAO\SSAOBlurRenderPass.cpp">
      <Filter>Code\Graphics\OpenGL\RenderPass\SSAO</Filter>
    </ClCompile>
    <ClCompile Include="Code\Graphics\OpenGL\RenderPass\SSAO\SSAOOriginalRenderPass.cpp">
      <Filter>Code\Graphics\OpenGL\RenderPass\SSAO</Filter>
    </ClCompile>
    <ClCompile Include="Code\Graphics\OpenGL\RenderPass\SSAO\SSAORenderPass.cpp">
      <Filter>Code\Graphics\OpenGL\RenderPass\SSAO</Filter>
    </ClCompile>
    <ClCompile Include="Code\Graphics\OpenGL\RenderPass\Lighting\AmbientLightRenderPass.cpp">
      <Filter>Code\Graphics\OpenGL\RenderPass\Lighting</Filter>
    </ClCompile>
    <ClCompile Include="Code\Graphics\OpenGL\RenderPass\Lighting\DirectionalLightRenderPass.cpp">
      <Filter>Code\Graphics\OpenGL\RenderPass\Lighting</Filter>
    </ClCompile>
    <ClCompile Include="Code\Graphics\OpenGL\RenderPass\Lighting\PointLightRenderPass.cpp">
      <Filter>Code\Graphics\OpenGL\RenderPass\Lighting</Filter>
    </ClCompile>
    <ClCompile Include="Code\Graphics\OpenGL\RenderPass\Lighting\SpotLightRenderPass.cpp">
      <Filter>Code\Graphics\OpenGL\RenderPass\Lighting</Filter>
    </ClCompile>
    <ClCompile Include="Code\Graphics\OpenGL\RenderPass\Geometry\ForwardCustomRenderPass.cpp">
      <Filter>Code\Graphics\OpenGL\RenderPass\Geometry</Filter>
    </ClCompile>
    <ClCompile Include="Code\Graphics\OpenGL\RenderPass\Geometry\ForwardRenderPass.cpp">
      <Filter>Code\Graphics\OpenGL\RenderPass\Geometry</Filter>
    </ClCompile>
    <ClCompile Include="Code\Graphics\OpenGL\RenderPass\Geometry\GBufferCustomRenderPass.cpp">
      <Filter>Code\Graphics\OpenGL\RenderPass\Geometry</Filter>
    </ClCompile>
    <ClCompile Include="Code\Graphics\OpenGL\RenderPass\Geometry\GBufferRenderPass.cpp">
      <Filter>Code\Graphics\OpenGL\RenderPass\Geometry</Filter>
    </ClCompile>
    <ClCompile Include="Code\Graphics\OpenGL\RenderPass\Geometry\LightProbeRenderPass.cpp">
      <Filter>Code\Graphics\OpenGL\RenderPass\Geometry</Filter>
    </ClCompile>
    <ClCompile Include="Code\Graphics\OpenGL\RenderPass\Geometry\OutlineRenderPass.cpp">
      <Filter>Code\Graphics\OpenGL\RenderPass\Geometry</Filter>
    </ClCompile>
    <ClCompile Include="Code\Graphics\OpenGL\RenderPass\Geometry\SkyboxRenderPass.cpp">
      <Filter>Code\Graphics\OpenGL\RenderPass\Geometry</Filter>
    </ClCompile>
    <ClCompile Include="Code\Graphics\OpenGL\RenderPass\Ocean\ButterflyPrecomputeRenderPass.cpp">
      <Filter>Code\Graphics\OpenGL\RenderPass\Ocean</Filter>
    </ClCompile>
    <ClCompile Include="Code\Graphics\OpenGL\RenderPass\Ocean\ButterflyComputeRenderPass.cpp">
      <Filter>Code\Graphics\OpenGL\RenderPass\Ocean</Filter>
    </ClCompile>
    <ClCompile Include="Code\Graphics\OpenGL\RenderPass\Ocean\TildeH0kRenderPass.cpp">
      <Filter>Code\Graphics\OpenGL\RenderPass\Ocean</Filter>
    </ClCompile>
    <ClCompile Include="Code\Graphics\OpenGL\RenderPass\Ocean\TildeHktRenderPass.cpp">
      <Filter>Code\Graphics\OpenGL\RenderPass\Ocean</Filter>
    </ClCompile>
    <ClCompile Include="Code\Graphics\OpenGL\RenderPass\Ocean\InversePermuteRenderPass.cpp">
      <Filter>Code\Graphics\OpenGL\RenderPass\Ocean</Filter>
    </ClCompile>
    <ClCompile Include="Code\Graphics\OpenGL\RenderPass\Ocean\OceanNormalRenderPass.cpp">
      <Filter>Code\Graphics\OpenGL\RenderPass\Ocean</Filter>
    </ClCompile>
    <ClCompile Include="Code\Graphics\OpenGL\RenderPass\Ocean\OceanRenderPass.cpp">
      <Filter>Code\Graphics\OpenGL\RenderPass\Ocean</Filter>
    </ClCompile>
    <ClCompile Include="Code\Graphics\OpenGL\RenderPass\Ocean\OceanTesselationRenderPass.cpp">
      <Filter>Code\Graphics\OpenGL\RenderPass\Ocean</Filter>
    </ClCompile>
    <ClCompile Include="Code\Graphics\OpenGL\LightPropagationVolumes.cpp">
      <Filter>Code\Graphics\OpenGL</Filter>
    </ClCompile>
    <ClCompile Include="Code\Graphics\OpenGL\RenderPass\LPV\RSMRenderPass.cpp">
      <Filter>Code\Graphics\OpenGL\RenderPass\LPV</Filter>
    </ClCompile>
    <ClCompile Include="Code\Graphics\OpenGL\RenderPass\LPV\LightInjectionRenderPass.cpp">
      <Filter>Code\Graphics\OpenGL\RenderPass\LPV</Filter>
    </ClCompile>
    <ClCompile Include="Code\Graphics\OpenGL\RenderPass\LPV\LightPropagationRenderPass.cpp">
      <Filter>Code\Graphics\OpenGL\RenderPass\LPV</Filter>
    </ClCompile>
    <ClCompile Include="Code\Graphics\OpenGL\RenderPass\Shadow\ShadowRenderPass.cpp">
      <Filter>Code\Graphics\OpenGL\RenderPass\Shadow</Filter>
    </ClCompile>
  </ItemGroup>
  <ItemGroup>
    <None Include="..\Application\Resources\Shaders\Custom\atmosphere.frag">
      <Filter>Resources\Shaders\Custom</Filter>
    </None>
    <None Include="..\Application\Resources\Shaders\Custom\atmosphere.vert">
      <Filter>Resources\Shaders\Custom</Filter>
    </None>
    <None Include="..\Application\Resources\Shaders\Custom\earth.frag">
      <Filter>Resources\Shaders\Custom</Filter>
    </None>
    <None Include="..\Application\Resources\Shaders\Custom\earth.vert">
      <Filter>Resources\Shaders\Custom</Filter>
    </None>
    <None Include="..\Application\Resources\Shaders\Custom\sun.frag">
      <Filter>Resources\Shaders\Custom</Filter>
    </None>
    <None Include="..\Application\Resources\Shaders\Custom\sun.vert">
      <Filter>Resources\Shaders\Custom</Filter>
    </None>
    <None Include="..\Application\Resources\Shaders\Environment\atmosphere.frag">
      <Filter>Resources\Shaders\Environment</Filter>
    </None>
    <None Include="..\Application\Resources\Shaders\Environment\environmentProjection.vert">
      <Filter>Resources\Shaders\Environment</Filter>
    </None>
    <None Include="..\Application\Resources\Shaders\Environment\irradiance.frag">
      <Filter>Resources\Shaders\Environment</Filter>
    </None>
    <None Include="..\Application\Resources\Shaders\Environment\reflectance.frag">
      <Filter>Resources\Shaders\Environment</Filter>
    </None>
    <None Include="..\Application\Resources\Shaders\Gui\gui.frag">
      <Filter>Resources\Shaders\Gui</Filter>
    </None>
    <None Include="..\Application\Resources\Shaders\Gui\gui.vert">
      <Filter>Resources\Shaders\Gui</Filter>
    </None>
    <None Include="..\Application\Resources\Shaders\PostProcess\downsample.frag">
      <Filter>Resources\Shaders\PostProcess</Filter>
    </None>
    <None Include="..\Application\Resources\Shaders\PostProcess\fxaa.frag">
      <Filter>Resources\Shaders\PostProcess</Filter>
    </None>
    <None Include="..\Application\Resources\Shaders\PostProcess\hdr.frag">
      <Filter>Resources\Shaders\PostProcess</Filter>
    </None>
    <None Include="..\Application\Resources\Shaders\PostProcess\singlePassEffects.frag">
      <Filter>Resources\Shaders\PostProcess</Filter>
    </None>
    <None Include="..\Application\Resources\Shaders\PostProcess\upsample.frag">
      <Filter>Resources\Shaders\PostProcess</Filter>
    </None>
    <None Include="..\Application\Resources\Shaders\Renderer\directionalLightPass.frag">
      <Filter>Resources\Shaders\Renderer</Filter>
    </None>
    <None Include="..\Application\Resources\Shaders\Renderer\gBufferPass.frag">
      <Filter>Resources\Shaders\Renderer</Filter>
    </None>
    <None Include="..\Application\Resources\Shaders\Renderer\gBufferPass.vert">
      <Filter>Resources\Shaders\Renderer</Filter>
    </None>
    <None Include="..\Application\Resources\Shaders\Renderer\globalLightPass.frag">
      <Filter>Resources\Shaders\Renderer</Filter>
    </None>
    <None Include="..\Application\Resources\Shaders\Renderer\outline.frag">
      <Filter>Resources\Shaders\Renderer</Filter>
    </None>
    <None Include="..\Application\Resources\Shaders\Renderer\outline.vert">
      <Filter>Resources\Shaders\Renderer</Filter>
    </None>
    <None Include="..\Application\Resources\Shaders\Renderer\pointLightPass.frag">
      <Filter>Resources\Shaders\Renderer</Filter>
    </None>
    <None Include="..\Application\Resources\Shaders\Renderer\pointLightPass.vert">
      <Filter>Resources\Shaders\Renderer</Filter>
    </None>
    <None Include="..\Application\Resources\Shaders\Renderer\skybox.frag">
      <Filter>Resources\Shaders\Renderer</Filter>
    </None>
    <None Include="..\Application\Resources\Shaders\Renderer\skybox.vert">
      <Filter>Resources\Shaders\Renderer</Filter>
    </None>
    <None Include="..\Application\Resources\Shaders\Renderer\spotLightPass.frag">
      <Filter>Resources\Shaders\Renderer</Filter>
    </None>
    <None Include="..\Application\Resources\Shaders\Renderer\spotLightPass.vert">
      <Filter>Resources\Shaders\Renderer</Filter>
    </None>
    <None Include="..\Application\Resources\Shaders\Renderer\ssao.frag">
      <Filter>Resources\Shaders\Renderer</Filter>
    </None>
    <None Include="..\Application\Resources\Shaders\Renderer\ssaoBlur.frag">
      <Filter>Resources\Shaders\Renderer</Filter>
    </None>
    <None Include="..\Application\Resources\Shaders\Renderer\transparencyForward.frag">
      <Filter>Resources\Shaders\Renderer</Filter>
    </None>
    <None Include="..\Application\Resources\Shaders\Renderer\transparencyForward.vert">
      <Filter>Resources\Shaders\Renderer</Filter>
    </None>
    <None Include="..\Application\Resources\Shaders\Shadows\shadow.frag">
      <Filter>Resources\Shaders\Shadows</Filter>
    </None>
    <None Include="..\Application\Resources\Shaders\Shadows\shadow.vert">
      <Filter>Resources\Shaders\Shadows</Filter>
    </None>
    <None Include="..\Application\Resources\Shaders\Shared\blit.frag">
      <Filter>Resources\Shaders\Shared</Filter>
    </None>
    <None Include="..\Application\Resources\Shaders\Shared\fullscreenTriangle.vert">
      <Filter>Resources\Shaders\Shared</Filter>
    </None>
    <None Include="..\Application\Resources\Shaders\Water\butterflyCompute.frag">
      <Filter>Resources\Shaders\Water</Filter>
    </None>
    <None Include="..\Application\Resources\Shaders\Water\butterflyPrecompute.frag">
      <Filter>Resources\Shaders\Water</Filter>
    </None>
    <None Include="..\Application\Resources\Shaders\Water\inversePermute.frag">
      <Filter>Resources\Shaders\Water</Filter>
    </None>
    <None Include="..\Application\Resources\Shaders\Water\normal.frag">
      <Filter>Resources\Shaders\Water</Filter>
    </None>
    <None Include="..\Application\Resources\Shaders\Water\tildeH0k.frag">
      <Filter>Resources\Shaders\Water</Filter>
    </None>
    <None Include="..\Application\Resources\Shaders\Water\tildeHkt.frag">
      <Filter>Resources\Shaders\Water</Filter>
    </None>
    <None Include="..\Application\Resources\Shaders\Water\water.frag">
      <Filter>Resources\Shaders\Water</Filter>
    </None>
    <None Include="..\Application\Resources\Shaders\Water\water.vert">
      <Filter>Resources\Shaders\Water</Filter>
    </None>
    <None Include="..\Application\Resources\Shaders\Renderer\ssaoOriginal.frag">
      <Filter>Resources\Shaders\Renderer</Filter>
    </None>
    <None Include="..\Application\Resources\Shaders\Renderer\hbao.frag">
      <Filter>Resources\Shaders\Renderer</Filter>
    </None>
    <None Include="..\Application\Resources\Shaders\Environment\brdf.frag">
      <Filter>Resources\Shaders\Environment</Filter>
    </None>
    <None Include="..\Application\Resources\Shaders\Renderer\brdf.comp">
      <Filter>Resources\Shaders\Renderer</Filter>
    </None>
    <None Include="..\Application\Resources\Shaders\Water\butterflyCompute.comp">
      <Filter>Resources\Shaders\Water</Filter>
    </None>
    <None Include="..\Application\Resources\Shaders\Water\butterflyPrecompute.comp">
      <Filter>Resources\Shaders\Water</Filter>
    </None>
    <None Include="..\Application\Resources\Shaders\Water\inversePermute.comp">
      <Filter>Resources\Shaders\Water</Filter>
    </None>
    <None Include="..\Application\Resources\Shaders\Water\normal.comp">
      <Filter>Resources\Shaders\Water</Filter>
    </None>
    <None Include="..\Application\Resources\Shaders\Water\tildeH0k.comp">
      <Filter>Resources\Shaders\Water</Filter>
    </None>
    <None Include="..\Application\Resources\Shaders\Water\tildeHkt.comp">
      <Filter>Resources\Shaders\Water</Filter>
    </None>
    <None Include="..\Application\Resources\Shaders\Shared\terrain.frag">
      <Filter>Resources\Shaders\Shared</Filter>
    </None>
    <None Include="..\Application\Resources\Shaders\Shared\terrain.tessc">
      <Filter>Resources\Shaders\Shared</Filter>
    </None>
    <None Include="..\Application\Resources\Shaders\Shared\terrain.tesse">
      <Filter>Resources\Shaders\Shared</Filter>
    </None>
    <None Include="..\Application\Resources\Shaders\Shared\terrain.vert">
      <Filter>Resources\Shaders\Shared</Filter>
    </None>
    <None Include="..\Application\Resources\Shaders\Renderer\lightVolume.frag">
      <Filter>Resources\Shaders\Renderer</Filter>
    </None>
    <None Include="..\Application\Resources\Shaders\Renderer\lightVolume.tessc">
      <Filter>Resources\Shaders\Renderer</Filter>
    </None>
    <None Include="..\Application\Resources\Shaders\Renderer\lightVolume.tesse">
      <Filter>Resources\Shaders\Renderer</Filter>
    </None>
    <None Include="..\Application\Resources\Shaders\Renderer\lightVolume.vert">
      <Filter>Resources\Shaders\Renderer</Filter>
    </None>
    <None Include="..\Application\Resources\Shaders\Renderer\phaseLookup.comp">
      <Filter>Resources\Shaders\Renderer</Filter>
    </None>
    <None Include="..\Application\Resources\Shaders\Shadows\shadow.geom">
      <Filter>Resources\Shaders\Shadows</Filter>
    </None>
    <None Include="..\Application\Resources\Shaders\PostProcess\luminanceAdaption.comp">
      <Filter>Resources\Shaders\PostProcess</Filter>
    </None>
    <None Include="..\Application\Resources\Shaders\PostProcess\luminanceGen.comp">
      <Filter>Resources\Shaders\PostProcess</Filter>
    </None>
    <None Include="..\Application\Resources\Shaders\PostProcess\DepthOfField\TileBasedSeperate\dofSeperatedBlur.comp">
      <Filter>Resources\Shaders\PostProcess\DepthOfField\TileBasedSeperate</Filter>
    </None>
    <None Include="..\Application\Resources\Shaders\PostProcess\DepthOfField\TileBasedSeperate\dofSeperatedComposite.comp">
      <Filter>Resources\Shaders\PostProcess\DepthOfField\TileBasedSeperate</Filter>
    </None>
    <None Include="..\Application\Resources\Shaders\PostProcess\DepthOfField\TileBasedSeperate\dofSeperatedFill.comp">
      <Filter>Resources\Shaders\PostProcess\DepthOfField\TileBasedSeperate</Filter>
    </None>
    <None Include="..\Application\Resources\Shaders\PostProcess\DepthOfField\TileBasedCombined\dofCombinedBlur.comp">
      <Filter>Resources\Shaders\PostProcess\DepthOfField\TileBasedCombined</Filter>
    </None>
    <None Include="..\Application\Resources\Shaders\PostProcess\DepthOfField\Simple\dofBlur.comp">
      <Filter>Resources\Shaders\PostProcess\DepthOfField\Simple</Filter>
    </None>
    <None Include="..\Application\Resources\Shaders\PostProcess\DepthOfField\Simple\dofComposite.comp">
      <Filter>Resources\Shaders\PostProcess\DepthOfField\Simple</Filter>
    </None>
    <None Include="..\Application\Resources\Shaders\PostProcess\DepthOfField\Simple\dofFill.comp">
      <Filter>Resources\Shaders\PostProcess\DepthOfField\Simple</Filter>
    </None>
    <None Include="..\Application\Resources\Shaders\PostProcess\DepthOfField\coc.comp">
      <Filter>Resources\Shaders\PostProcess\DepthOfField</Filter>
    </None>
    <None Include="..\Application\Resources\Shaders\PostProcess\DepthOfField\cocBlur.comp">
      <Filter>Resources\Shaders\PostProcess\DepthOfField</Filter>
    </None>
    <None Include="..\Application\Resources\Shaders\PostProcess\DepthOfField\cocNeighborTileMax.frag">
      <Filter>Resources\Shaders\PostProcess\DepthOfField</Filter>
    </None>
    <None Include="..\Application\Resources\Shaders\PostProcess\DepthOfField\cocTileMax.frag">
      <Filter>Resources\Shaders\PostProcess\DepthOfField</Filter>
    </None>
    <None Include="..\Application\Resources\Shaders\PostProcess\LensFlares\lensFlareBlur.frag">
      <Filter>Resources\Shaders\PostProcess\LensFlares</Filter>
    </None>
    <None Include="..\Application\Resources\Shaders\PostProcess\LensFlares\lensFlareGen.frag">
      <Filter>Resources\Shaders\PostProcess\LensFlares</Filter>
    </None>
    <None Include="..\Application\Resources\Shaders\PostProcess\MotionBlur\velocityNeighborTileMax.frag">
      <Filter>Resources\Shaders\PostProcess\MotionBlur</Filter>
    </None>
    <None Include="..\Application\Resources\Shaders\PostProcess\MotionBlur\velocityTileMax.frag">
      <Filter>Resources\Shaders\PostProcess\MotionBlur</Filter>
    </None>
    <None Include="..\Application\Resources\Shaders\PostProcess\DepthOfField\SpriteBased\dofSprite.frag">
      <Filter>Resources\Shaders\PostProcess\DepthOfField\SpriteBased</Filter>
    </None>
    <None Include="..\Application\Resources\Shaders\PostProcess\DepthOfField\SpriteBased\dofSprite.vert">
      <Filter>Resources\Shaders\PostProcess\DepthOfField\SpriteBased</Filter>
    </None>
    <None Include="..\Application\Resources\Shaders\PostProcess\DepthOfField\SpriteBased\dofSpriteCompose.comp">
      <Filter>Resources\Shaders\PostProcess\DepthOfField\SpriteBased</Filter>
    </None>
    <None Include="..\Application\Resources\Shaders\PostProcess\GodRays\godRayGen.comp">
      <Filter>Resources\Shaders\PostProcess\GodRays</Filter>
    </None>
    <None Include="..\Application\Resources\Shaders\PostProcess\GodRays\godRayMask.comp">
      <Filter>Resources\Shaders\PostProcess\GodRays</Filter>
    </None>
    <None Include="..\Application\Resources\Shaders\PostProcess\AA\smaaBlendingWeightCalculation.frag">
      <Filter>Resources\Shaders\PostProcess\AA</Filter>
    </None>
    <None Include="..\Application\Resources\Shaders\PostProcess\AA\smaaBlendingWeightCalculation.vert">
      <Filter>Resources\Shaders\PostProcess\AA</Filter>
    </None>
    <None Include="..\Application\Resources\Shaders\PostProcess\AA\smaaEdgeDetection.frag">
      <Filter>Resources\Shaders\PostProcess\AA</Filter>
    </None>
    <None Include="..\Application\Resources\Shaders\PostProcess\AA\smaaEdgeDetection.vert">
      <Filter>Resources\Shaders\PostProcess\AA</Filter>
    </None>
    <None Include="..\Application\Resources\Shaders\PostProcess\AA\smaaNeighborhoodBlending.frag">
      <Filter>Resources\Shaders\PostProcess\AA</Filter>
    </None>
    <None Include="..\Application\Resources\Shaders\PostProcess\AA\smaaNeighborhoodBlending.vert">
      <Filter>Resources\Shaders\PostProcess\AA</Filter>
    </None>
    <None Include="..\Application\Resources\Shaders\PostProcess\AA\smaaResolve.frag">
      <Filter>Resources\Shaders\PostProcess\AA</Filter>
    </None>
    <None Include="..\Application\Resources\Shaders\Renderer\ssaoBilateralBlur.frag">
      <Filter>Resources\Shaders\Renderer</Filter>
    </None>
    <None Include="..\Application\Resources\Shaders\Renderer\gtao.frag">
      <Filter>Resources\Shaders\Renderer</Filter>
    </None>
    <None Include="..\Application\Resources\Shaders\Renderer\gtaoDenoise.frag">
      <Filter>Resources\Shaders\Renderer</Filter>
    </None>
    <None Include="..\Application\Resources\Shaders\Renderer\lightProbe.frag">
      <Filter>Resources\Shaders\Renderer</Filter>
    </None>
    <None Include="..\Application\Resources\Shaders\Renderer\lightProbe.vert">
      <Filter>Resources\Shaders\Renderer</Filter>
    </None>
    <None Include="..\Application\Resources\Shaders\Renderer\lightVolumeBase.vert">
      <Filter>Resources\Shaders\Renderer</Filter>
    </None>
  </ItemGroup>
</Project>