<?xml version="1.0" encoding="utf-8"?>
<Project ToolsVersion="4.0" xmlns="http://schemas.microsoft.com/developer/msbuild/2003">
  <ItemGroup>
    <Filter Include="Code">
      <UniqueIdentifier>{93995380-89BD-4b04-88EB-625FBE52EBFB}</UniqueIdentifier>
      <Extensions>h;hh;hpp;hxx;hm;inl;inc;xsd</Extensions>
    </Filter>
    <Filter Include="Code\EntityComponentSystem">
      <UniqueIdentifier>{bae4ac82-fd35-472e-a2c7-c8685776f2de}</UniqueIdentifier>
    </Filter>
    <Filter Include="Resources">
      <UniqueIdentifier>{67DA6AB6-F800-4c08-8B7A-83BB121AAD01}</UniqueIdentifier>
      <Extensions>rc;ico;cur;bmp;dlg;rc2;rct;bin;rgs;gif;jpg;jpeg;jpe;resx;tiff;tif;png;wav;mfcribbon-ms</Extensions>
    </Filter>
    <Filter Include="Resources\Shaders">
      <UniqueIdentifier>{1085c481-b949-4324-882a-2e278f207240}</UniqueIdentifier>
    </Filter>
    <Filter Include="Code\Graphics">
      <UniqueIdentifier>{9ae33d89-0111-4a03-9d64-986cff720ca1}</UniqueIdentifier>
    </Filter>
    <Filter Include="Code\EntityComponentSystem\Systems">
      <UniqueIdentifier>{36023e1e-0f00-459b-8857-0e16397eef8d}</UniqueIdentifier>
    </Filter>
    <Filter Include="Code\Gui">
      <UniqueIdentifier>{868d1b81-f4b6-4a33-8b27-cdfd3b3cbe85}</UniqueIdentifier>
    </Filter>
    <Filter Include="Code\Gui\Elements">
      <UniqueIdentifier>{ddf18284-aa0c-4f1b-8546-9b1199824788}</UniqueIdentifier>
    </Filter>
    <Filter Include="Code\Gui\Systems">
      <UniqueIdentifier>{095a1411-dae1-467e-af16-8fc134866d5c}</UniqueIdentifier>
    </Filter>
    <Filter Include="Code\Utilities">
      <UniqueIdentifier>{1d64857a-4d43-4374-8d7f-8dacc4c680a1}</UniqueIdentifier>
    </Filter>
    <Filter Include="Code\Gui\Style">
      <UniqueIdentifier>{2d455f71-0b4b-4d1a-b11a-1dfe9be17542}</UniqueIdentifier>
    </Filter>
    <Filter Include="Code\Network">
      <UniqueIdentifier>{1286c2c9-1bf9-415e-9759-e97d03f9efcb}</UniqueIdentifier>
    </Filter>
    <Filter Include="Resources\Shaders\Shared">
      <UniqueIdentifier>{f54cb0f4-abc4-46d1-a4fd-1ad0c4cb86b7}</UniqueIdentifier>
    </Filter>
    <Filter Include="Resources\Shaders\Gui">
      <UniqueIdentifier>{45cf55af-09c7-4ea3-a2be-b10bf29dd37a}</UniqueIdentifier>
    </Filter>
    <Filter Include="Resources\Shaders\Environment">
      <UniqueIdentifier>{814409e0-b28b-4b8b-b55b-ab5d3c9dd8c9}</UniqueIdentifier>
    </Filter>
    <Filter Include="Code\Input">
      <UniqueIdentifier>{c289388a-c2ce-4012-8ea7-2da7b6559b91}</UniqueIdentifier>
    </Filter>
    <Filter Include="Code\Graphics\OpenGL">
      <UniqueIdentifier>{14522b25-1ad9-48f9-a04b-8841e595a3a6}</UniqueIdentifier>
    </Filter>
    <Filter Include="Code\Sound">
      <UniqueIdentifier>{85ccda0b-c00e-4102-acac-c3ebc2e3e7ec}</UniqueIdentifier>
    </Filter>
    <Filter Include="Code\Sound\OpenAL">
      <UniqueIdentifier>{bc642f1d-373d-452e-b969-f8db6fefba5b}</UniqueIdentifier>
    </Filter>
    <Filter Include="Code\Window">
      <UniqueIdentifier>{386b7288-00dd-4e97-98f6-c913fe6289cc}</UniqueIdentifier>
    </Filter>
    <Filter Include="Code\Window\GLFW">
      <UniqueIdentifier>{1074de25-d66f-4f38-bf8a-f125d714caba}</UniqueIdentifier>
    </Filter>
    <Filter Include="Resources\Shaders\Include">
      <UniqueIdentifier>{4011fc24-d1cc-4b62-9803-85402742770e}</UniqueIdentifier>
    </Filter>
    <Filter Include="Code\Graphics\OpenGL\RenderPass">
      <UniqueIdentifier>{cbbb0270-0863-4f4d-80d8-abb9d7242ab0}</UniqueIdentifier>
    </Filter>
    <Filter Include="Code\Graphics\OpenGL\RenderPass\SSAO">
      <UniqueIdentifier>{a91006e6-729c-4a71-82f4-6b8d9fb5256e}</UniqueIdentifier>
    </Filter>
    <Filter Include="Code\Graphics\OpenGL\RenderPass\Lighting">
      <UniqueIdentifier>{717fe048-600b-4872-92a2-215fd45703a8}</UniqueIdentifier>
    </Filter>
    <Filter Include="Code\Graphics\OpenGL\RenderPass\Geometry">
      <UniqueIdentifier>{084c7d3e-9e9d-4e9f-91ef-bceb91cb2e83}</UniqueIdentifier>
    </Filter>
    <Filter Include="Code\Graphics\OpenGL\RenderPass\Ocean">
      <UniqueIdentifier>{e8d931bd-3942-4c2b-b85c-7100df284ad3}</UniqueIdentifier>
    </Filter>
    <Filter Include="Code\Graphics\OpenGL\RenderPass\LPV">
      <UniqueIdentifier>{b2cc59ac-ba4b-4065-aa26-41ba330c23aa}</UniqueIdentifier>
    </Filter>
    <Filter Include="Code\Graphics\OpenGL\RenderPass\Shadow">
      <UniqueIdentifier>{7d9d1429-49f0-451d-a596-b9eff7359786}</UniqueIdentifier>
    </Filter>
    <Filter Include="Resources\Shaders\Geometry">
      <UniqueIdentifier>{58ec0f3e-dfaa-494e-a2a5-d7818a541964}</UniqueIdentifier>
    </Filter>
    <Filter Include="Resources\Shaders\Lighting">
      <UniqueIdentifier>{0ffccddc-5d8c-4801-9b76-057fc1b46c30}</UniqueIdentifier>
    </Filter>
    <Filter Include="Resources\Shaders\LPV">
      <UniqueIdentifier>{7d9fa5a2-f8bf-4583-a344-757131e6b6a6}</UniqueIdentifier>
    </Filter>
    <Filter Include="Resources\Shaders\Ocean">
      <UniqueIdentifier>{f20be4a3-7bd7-431e-92e9-661c4f8ebc38}</UniqueIdentifier>
    </Filter>
    <Filter Include="Resources\Shaders\SSAO">
      <UniqueIdentifier>{77ae2fbb-deab-4042-8da4-eaa34e1b6c7d}</UniqueIdentifier>
    </Filter>
    <Filter Include="Resources\Shaders\Shadow">
      <UniqueIdentifier>{a832040e-45d1-4aba-8e27-bd86d06d1554}</UniqueIdentifier>
    </Filter>
    <Filter Include="Resources\Shaders\VolumetricLighting">
      <UniqueIdentifier>{85e92e93-bd8c-4e9d-bc22-90acb05cc2fd}</UniqueIdentifier>
    </Filter>
    <Filter Include="Code\Graphics\OpenGL\RenderPass\Debug">
      <UniqueIdentifier>{14cf66f7-4077-473e-95f1-205b96a6e922}</UniqueIdentifier>
    </Filter>
    <Filter Include="Code\Graphics\OpenGL\RenderPass\MotionBlur">
      <UniqueIdentifier>{8e7910e6-7b1d-4b66-9087-c9fd345a16f4}</UniqueIdentifier>
    </Filter>
    <Filter Include="Resources\Shaders\MotionBlur">
      <UniqueIdentifier>{c80989e0-1a6c-4286-9617-efd1e283eb2a}</UniqueIdentifier>
    </Filter>
    <Filter Include="Resources\Shaders\Misc">
      <UniqueIdentifier>{e41244b0-953e-4a32-b9a0-a45a9276dbcf}</UniqueIdentifier>
    </Filter>
    <Filter Include="Resources\Shaders\AntiAliasing">
      <UniqueIdentifier>{ccf266b2-22c4-4fa5-b849-a673881f44ac}</UniqueIdentifier>
    </Filter>
    <Filter Include="Resources\Shaders\DepthOfField">
      <UniqueIdentifier>{2d2b234b-9bef-425c-90fd-da2e7093ce9f}</UniqueIdentifier>
    </Filter>
    <Filter Include="Resources\Shaders\Exposure">
      <UniqueIdentifier>{f916baa3-b280-46dc-a19f-43d670e835c8}</UniqueIdentifier>
    </Filter>
    <Filter Include="Resources\Shaders\GodRays">
      <UniqueIdentifier>{e50c3006-601a-4a5f-935a-bfc5f8ce9bd9}</UniqueIdentifier>
    </Filter>
    <Filter Include="Resources\Shaders\LensFlares">
      <UniqueIdentifier>{9f450aa9-a877-4825-8fbb-9071362fddd3}</UniqueIdentifier>
    </Filter>
    <Filter Include="Resources\Shaders\Debug">
      <UniqueIdentifier>{aabd1da8-a33b-4120-9c0d-4a3ed223365f}</UniqueIdentifier>
    </Filter>
    <Filter Include="Code\Graphics\OpenGL\ComputePass">
      <UniqueIdentifier>{2b105f1b-3f2d-48d8-a7aa-39a6bd31d341}</UniqueIdentifier>
    </Filter>
    <Filter Include="Code\Graphics\OpenGL\ComputePass\LensFlares">
      <UniqueIdentifier>{49bb3f49-2f7d-4e6b-8783-4ea7b917f761}</UniqueIdentifier>
    </Filter>
    <Filter Include="Code\Graphics\OpenGL\RenderPass\AntiAliasing">
      <UniqueIdentifier>{d690b28f-4a43-4424-abdd-1a1d49dc7b01}</UniqueIdentifier>
    </Filter>
    <Filter Include="Code\Graphics\OpenGL\ComputePass\GodRays">
      <UniqueIdentifier>{c84549b3-95f3-4f38-81b9-c6da137b4df4}</UniqueIdentifier>
    </Filter>
    <Filter Include="Code\Graphics\OpenGL\ComputePass\DepthOfField">
      <UniqueIdentifier>{4020cb14-3def-4ee3-ab65-57c37a642f19}</UniqueIdentifier>
    </Filter>
    <Filter Include="Code\Graphics\OpenGL\ComputePass\MotionBlur">
      <UniqueIdentifier>{e0beff9b-1fb1-49ab-b505-909a98f3e825}</UniqueIdentifier>
    </Filter>
    <Filter Include="Code\Graphics\OpenGL\ComputePass\Exposure">
      <UniqueIdentifier>{81b1131a-6a77-41a0-a7b1-f3dc212a7a68}</UniqueIdentifier>
    </Filter>
    <Filter Include="Code\Graphics\OpenGL\RenderPass\DepthOfField">
      <UniqueIdentifier>{7c1980fe-7d1f-4eee-a89e-3d1acd4853c2}</UniqueIdentifier>
    </Filter>
    <Filter Include="Code\Graphics\OpenGL\RenderPass\LensFlares">
      <UniqueIdentifier>{81631fc8-2873-41bb-9cf6-600776befabb}</UniqueIdentifier>
    </Filter>
    <Filter Include="Code\Graphics\OpenGL\RenderPass\Bloom">
      <UniqueIdentifier>{409ed532-ccea-40d7-bdaf-7001c0b098e4}</UniqueIdentifier>
    </Filter>
    <Filter Include="Code\Graphics\OpenGL\ComputePass\Bloom">
      <UniqueIdentifier>{41d1f4cf-e2d2-4938-b09e-da58d6f9486f}</UniqueIdentifier>
    </Filter>
    <Filter Include="Code\Graphics\OpenGL\RenderPass\Misc">
      <UniqueIdentifier>{c9f18c41-28d8-4b3e-a4ed-e2056c1cf2a6}</UniqueIdentifier>
    </Filter>
    <Filter Include="Resources\Shaders\Bloom">
      <UniqueIdentifier>{7b069cfa-0942-4d2b-9d2b-5407b293adc6}</UniqueIdentifier>
    </Filter>
  </ItemGroup>
  <ItemGroup>
    <ClInclude Include="Code\Engine.h">
      <Filter>Code</Filter>
    </ClInclude>
    <ClInclude Include="Code\EntityComponentSystem\EntityManager.h">
      <Filter>Code\EntityComponentSystem</Filter>
    </ClInclude>
    <ClInclude Include="Code\EntityComponentSystem\Component.h">
      <Filter>Code\EntityComponentSystem</Filter>
    </ClInclude>
    <ClInclude Include="Code\EntityComponentSystem\System.h">
      <Filter>Code\EntityComponentSystem</Filter>
    </ClInclude>
    <ClInclude Include="Code\EntityComponentSystem\SystemManager.h">
      <Filter>Code\EntityComponentSystem</Filter>
    </ClInclude>
    <ClInclude Include="Code\Graphics\Camera.h">
      <Filter>Code\Graphics</Filter>
    </ClInclude>
    <ClInclude Include="Code\Graphics\Texture.h">
      <Filter>Code\Graphics</Filter>
    </ClInclude>
    <ClInclude Include="Code\Graphics\Material.h">
      <Filter>Code\Graphics</Filter>
    </ClInclude>
    <ClInclude Include="Code\Graphics\Lights.h">
      <Filter>Code\Graphics</Filter>
    </ClInclude>
    <ClInclude Include="Code\IGameLogic.h">
      <Filter>Code</Filter>
    </ClInclude>
    <ClInclude Include="Code\Graphics\Scene.h">
      <Filter>Code\Graphics</Filter>
    </ClInclude>
    <ClInclude Include="Code\EntityComponentSystem\Systems\RenderSystem.h">
      <Filter>Code\EntityComponentSystem\Systems</Filter>
    </ClInclude>
    <ClInclude Include="Code\Settings.h">
      <Filter>Code</Filter>
    </ClInclude>
    <ClInclude Include="Code\EasingFunctions.h">
      <Filter>Code</Filter>
    </ClInclude>
    <ClInclude Include="Code\Gui\Elements\GuiRow.h">
      <Filter>Code\Gui\Elements</Filter>
    </ClInclude>
    <ClInclude Include="Code\Gui\Elements\GuiWindow.h">
      <Filter>Code\Gui\Elements</Filter>
    </ClInclude>
    <ClInclude Include="Code\Gui\Elements\GuiElement.h">
      <Filter>Code\Gui\Elements</Filter>
    </ClInclude>
    <ClInclude Include="Code\Gui\Systems\GuiFontManager.h">
      <Filter>Code\Gui\Systems</Filter>
    </ClInclude>
    <ClInclude Include="Code\Gui\Systems\GuiInputHandler.h">
      <Filter>Code\Gui\Systems</Filter>
    </ClInclude>
    <ClInclude Include="Code\Gui\Systems\GuiRenderer.h">
      <Filter>Code\Gui\Systems</Filter>
    </ClInclude>
    <ClInclude Include="Code\Gui\GuiEvent.h">
      <Filter>Code\Gui</Filter>
    </ClInclude>
    <ClInclude Include="Code\Gui\GuiJSONParser.h">
      <Filter>Code\Gui</Filter>
    </ClInclude>
    <ClInclude Include="Code\Gui\GuiLayout.h">
      <Filter>Code\Gui</Filter>
    </ClInclude>
    <ClInclude Include="Code\Gui\GuiUtility.h">
      <Filter>Code\Gui</Filter>
    </ClInclude>
    <ClInclude Include="Code\Gui\nuklearInclude.h">
      <Filter>Code\Gui</Filter>
    </ClInclude>
    <ClInclude Include="Code\Gui\Gui.h">
      <Filter>Code\Gui</Filter>
    </ClInclude>
    <ClInclude Include="Code\DebugMacro.h">
      <Filter>Code</Filter>
    </ClInclude>
    <ClInclude Include="Code\Utilities\INIFile.h">
      <Filter>Code\Utilities</Filter>
    </ClInclude>
    <ClInclude Include="Code\Utilities\Utility.h">
      <Filter>Code\Utilities</Filter>
    </ClInclude>
    <ClInclude Include="Code\Gui\Style\GuiStyleSheet.h">
      <Filter>Code\Gui\Style</Filter>
    </ClInclude>
    <ClInclude Include="Code\Gui\Style\GuiStyleProperty.h">
      <Filter>Code\Gui\Style</Filter>
    </ClInclude>
    <ClInclude Include="Code\Gui\Style\GuiStyleBlock.h">
      <Filter>Code\Gui\Style</Filter>
    </ClInclude>
    <ClInclude Include="Code\EntityComponentSystem\Systems\MovementSystem.h">
      <Filter>Code\EntityComponentSystem\Systems</Filter>
    </ClInclude>
    <ClInclude Include="Code\EntityComponentSystem\Systems\GrabbingSystem.h">
      <Filter>Code\EntityComponentSystem\Systems</Filter>
    </ClInclude>
    <ClInclude Include="Code\Gui\overview.h">
      <Filter>Code\Gui</Filter>
    </ClInclude>
    <ClInclude Include="Code\Utilities\Intersection.h">
      <Filter>Code\Utilities</Filter>
    </ClInclude>
    <ClInclude Include="Code\Network\asioInclude.h">
      <Filter>Code\Network</Filter>
    </ClInclude>
    <ClInclude Include="Code\Network\NetUtility.h">
      <Filter>Code\Network</Filter>
    </ClInclude>
    <ClInclude Include="Code\Network\Connection.h">
      <Filter>Code\Network</Filter>
    </ClInclude>
    <ClInclude Include="Code\Network\ByteBuffer.h">
      <Filter>Code\Network</Filter>
    </ClInclude>
    <ClInclude Include="Code\Network\BaseServer.h">
      <Filter>Code\Network</Filter>
    </ClInclude>
    <ClInclude Include="Code\EntityComponentSystem\Systems\RotationSystem.h">
      <Filter>Code\EntityComponentSystem\Systems</Filter>
    </ClInclude>
    <ClInclude Include="Code\EntityComponentSystem\Systems\SoundSystem.h">
      <Filter>Code\EntityComponentSystem\Systems</Filter>
    </ClInclude>
    <ClInclude Include="Code\EntityComponentSystem\Systems\PerpetualRotationSystem.h">
      <Filter>Code\EntityComponentSystem\Systems</Filter>
    </ClInclude>
    <ClInclude Include="Code\EntityComponentSystem\Systems\MovementPathSystem.h">
      <Filter>Code\EntityComponentSystem\Systems</Filter>
    </ClInclude>
    <ClInclude Include="Code\Utilities\JSONUtility.h">
      <Filter>Code\Utilities</Filter>
    </ClInclude>
    <ClInclude Include="Code\Gui\IIdentifiable.h">
      <Filter>Code\Gui</Filter>
    </ClInclude>
    <ClInclude Include="Code\Gui\GuiPopup.h">
      <Filter>Code\Gui</Filter>
    </ClInclude>
    <ClInclude Include="Code\Gui\Style\IStyleable.h">
      <Filter>Code\Gui\Style</Filter>
    </ClInclude>
    <ClInclude Include="Code\Network\NetLoadManager.h">
      <Filter>Code\Network</Filter>
    </ClInclude>
    <ClInclude Include="Code\Utilities\md5.h">
      <Filter>Code\Utilities</Filter>
    </ClInclude>
    <ClInclude Include="Code\Graphics\EnvironmentProbe.h">
      <Filter>Code\Graphics</Filter>
    </ClInclude>
    <ClInclude Include="Code\Level.h">
      <Filter>Code</Filter>
    </ClInclude>
    <ClInclude Include="Code\Graphics\Effects.h">
      <Filter>Code\Graphics</Filter>
    </ClInclude>
    <ClInclude Include="Code\JobManager.h">
      <Filter>Code</Filter>
    </ClInclude>
    <ClInclude Include="Code\Graphics\EntityRenderData.h">
      <Filter>Code\Graphics</Filter>
    </ClInclude>
    <ClInclude Include="Code\Graphics\CameraPath.h">
      <Filter>Code\Graphics</Filter>
    </ClInclude>
    <ClInclude Include="Code\Gui\IDimensionable.h">
      <Filter>Code\Gui</Filter>
    </ClInclude>
    <ClInclude Include="Code\EntityComponentSystem\IOnComponentAddedListener.h">
      <Filter>Code\EntityComponentSystem</Filter>
    </ClInclude>
    <ClInclude Include="Code\EntityComponentSystem\IOnComponentRemovedListener.h">
      <Filter>Code\EntityComponentSystem</Filter>
    </ClInclude>
    <ClInclude Include="Code\EntityComponentSystem\IOnEntityCreatedListener.h">
      <Filter>Code\EntityComponentSystem</Filter>
    </ClInclude>
    <ClInclude Include="Code\EntityComponentSystem\IOnEntityDestructionListener.h">
      <Filter>Code\EntityComponentSystem</Filter>
    </ClInclude>
    <ClInclude Include="Code\Graphics\Model.h">
      <Filter>Code\Graphics</Filter>
    </ClInclude>
    <ClInclude Include="Code\Graphics\Mesh.h">
      <Filter>Code\Graphics</Filter>
    </ClInclude>
    <ClInclude Include="Code\EntityComponentSystem\Systems\PhysicsSystem.h">
      <Filter>Code\EntityComponentSystem\Systems</Filter>
    </ClInclude>
    <ClInclude Include="Code\Graphics\AxisAlignedBoundingBox.h">
      <Filter>Code\Graphics</Filter>
    </ClInclude>
    <ClInclude Include="Code\Input\InputTokens.h">
      <Filter>Code\Input</Filter>
    </ClInclude>
    <ClInclude Include="Code\Input\ICharListener.h">
      <Filter>Code\Input</Filter>
    </ClInclude>
    <ClInclude Include="Code\Input\IKeyListener.h">
      <Filter>Code\Input</Filter>
    </ClInclude>
    <ClInclude Include="Code\Input\IMouseButtonListener.h">
      <Filter>Code\Input</Filter>
    </ClInclude>
    <ClInclude Include="Code\Input\IScrollListener.h">
      <Filter>Code\Input</Filter>
    </ClInclude>
    <ClInclude Include="Code\Input\UserInput.h">
      <Filter>Code\Input</Filter>
    </ClInclude>
    <ClInclude Include="Code\Input\Gamepad.h">
      <Filter>Code\Input</Filter>
    </ClInclude>
    <ClInclude Include="Code\Graphics\OpenGL\Buffer.h">
      <Filter>Code\Graphics\OpenGL</Filter>
    </ClInclude>
    <ClInclude Include="Code\Graphics\OpenGL\EnvironmentRenderer.h">
      <Filter>Code\Graphics\OpenGL</Filter>
    </ClInclude>
    <ClInclude Include="Code\Graphics\OpenGL\GraphicsFramework.h">
      <Filter>Code\Graphics\OpenGL</Filter>
    </ClInclude>
    <ClInclude Include="Code\Graphics\OpenGL\MediumDescription.h">
      <Filter>Code\Graphics\OpenGL</Filter>
    </ClInclude>
    <ClInclude Include="Code\Graphics\OpenGL\Ocean.h">
      <Filter>Code\Graphics\OpenGL</Filter>
    </ClInclude>
    <ClInclude Include="Code\Graphics\OpenGL\PostProcessRenderer.h">
      <Filter>Code\Graphics\OpenGL</Filter>
    </ClInclude>
    <ClInclude Include="Code\Graphics\OpenGL\RenderData.h">
      <Filter>Code\Graphics\OpenGL</Filter>
    </ClInclude>
    <ClInclude Include="Code\Graphics\OpenGL\SceneRenderer.h">
      <Filter>Code\Graphics\OpenGL</Filter>
    </ClInclude>
    <ClInclude Include="Code\Graphics\OpenGL\ShaderProgram.h">
      <Filter>Code\Graphics\OpenGL</Filter>
    </ClInclude>
    <ClInclude Include="Code\Graphics\OpenGL\TileRing.h">
      <Filter>Code\Graphics\OpenGL</Filter>
    </ClInclude>
    <ClInclude Include="Code\Graphics\OpenGL\Uniform.h">
      <Filter>Code\Graphics\OpenGL</Filter>
    </ClInclude>
    <ClInclude Include="Code\Graphics\OpenGL\VolumetricLighting.h">
      <Filter>Code\Graphics\OpenGL</Filter>
    </ClInclude>
    <ClInclude Include="Code\Sound\OpenAL\SoundBuffer.h">
      <Filter>Code\Sound\OpenAL</Filter>
    </ClInclude>
    <ClInclude Include="Code\Sound\OpenAL\SoundFramework.h">
      <Filter>Code\Sound\OpenAL</Filter>
    </ClInclude>
    <ClInclude Include="Code\Sound\OpenAL\SoundListener.h">
      <Filter>Code\Sound\OpenAL</Filter>
    </ClInclude>
    <ClInclude Include="Code\Sound\OpenAL\SoundSource.h">
      <Filter>Code\Sound\OpenAL</Filter>
    </ClInclude>
    <ClInclude Include="Code\Sound\OpenAL\stb_vorbis.h">
      <Filter>Code\Sound\OpenAL</Filter>
    </ClInclude>
    <ClInclude Include="Code\Window\Window.h">
      <Filter>Code\Window</Filter>
    </ClInclude>
    <ClInclude Include="Code\Window\GLFW\IInputListener.h">
      <Filter>Code\Window\GLFW</Filter>
    </ClInclude>
    <ClInclude Include="Code\Window\GLFW\IWindowResizeListener.h">
      <Filter>Code\Window\GLFW</Filter>
    </ClInclude>
    <ClInclude Include="Code\Window\GLFW\WindowFramework.h">
      <Filter>Code\Window\GLFW</Filter>
    </ClInclude>
    <ClInclude Include="Code\Graphics\OpenGL\GLUtility.h">
      <Filter>Code\Graphics\OpenGL</Filter>
    </ClInclude>
    <ClInclude Include="Code\Sound\OpenAL\ALUtility.h">
      <Filter>Code\Sound\OpenAL</Filter>
    </ClInclude>
    <ClInclude Include="Code\Utilities\ContainerUtility.h">
      <Filter>Code\Utilities</Filter>
    </ClInclude>
    <ClInclude Include="Code\Utilities\MathUtility.h">
      <Filter>Code\Utilities</Filter>
    </ClInclude>
    <ClInclude Include="..\Application\Resources\Shaders\Include\brdf.h">
      <Filter>Resources\Shaders\Include</Filter>
    </ClInclude>
    <ClInclude Include="..\Application\Resources\Shaders\Include\SMAA.h">
      <Filter>Resources\Shaders\Include</Filter>
    </ClInclude>
    <ClInclude Include="Code\Graphics\Frustum.h">
      <Filter>Code\Graphics</Filter>
    </ClInclude>
    <ClInclude Include="Code\Graphics\OpenGL\RenderPass\RenderPass.h">
      <Filter>Code\Graphics\OpenGL\RenderPass</Filter>
    </ClInclude>
    <ClInclude Include="Code\Graphics\OpenGL\GBuffer.h">
      <Filter>Code\Graphics\OpenGL</Filter>
    </ClInclude>
    <ClInclude Include="Code\Graphics\OpenGL\RenderPass\SSAO\GTAORenderPass.h">
      <Filter>Code\Graphics\OpenGL\RenderPass\SSAO</Filter>
    </ClInclude>
    <ClInclude Include="Code\Graphics\OpenGL\RenderPass\SSAO\HBAORenderPass.h">
      <Filter>Code\Graphics\OpenGL\RenderPass\SSAO</Filter>
    </ClInclude>
    <ClInclude Include="Code\Graphics\OpenGL\RenderPass\SSAO\SSAOBilateralBlurRenderPass.h">
      <Filter>Code\Graphics\OpenGL\RenderPass\SSAO</Filter>
    </ClInclude>
    <ClInclude Include="Code\Graphics\OpenGL\RenderPass\SSAO\SSAOBlurRenderPass.h">
      <Filter>Code\Graphics\OpenGL\RenderPass\SSAO</Filter>
    </ClInclude>
    <ClInclude Include="Code\Graphics\OpenGL\RenderPass\SSAO\SSAOOriginalRenderPass.h">
      <Filter>Code\Graphics\OpenGL\RenderPass\SSAO</Filter>
    </ClInclude>
    <ClInclude Include="Code\Graphics\OpenGL\RenderPass\SSAO\SSAORenderPass.h">
      <Filter>Code\Graphics\OpenGL\RenderPass\SSAO</Filter>
    </ClInclude>
    <ClInclude Include="Code\Graphics\OpenGL\RenderPass\Lighting\AmbientLightRenderPass.h">
      <Filter>Code\Graphics\OpenGL\RenderPass\Lighting</Filter>
    </ClInclude>
    <ClInclude Include="Code\Graphics\OpenGL\RenderPass\Lighting\DirectionalLightRenderPass.h">
      <Filter>Code\Graphics\OpenGL\RenderPass\Lighting</Filter>
    </ClInclude>
    <ClInclude Include="Code\Graphics\OpenGL\RenderPass\Lighting\PointLightRenderPass.h">
      <Filter>Code\Graphics\OpenGL\RenderPass\Lighting</Filter>
    </ClInclude>
    <ClInclude Include="Code\Graphics\OpenGL\RenderPass\Lighting\SpotLightRenderPass.h">
      <Filter>Code\Graphics\OpenGL\RenderPass\Lighting</Filter>
    </ClInclude>
    <ClInclude Include="Code\Graphics\OpenGL\RenderPass\Geometry\ForwardCustomRenderPass.h">
      <Filter>Code\Graphics\OpenGL\RenderPass\Geometry</Filter>
    </ClInclude>
    <ClInclude Include="Code\Graphics\OpenGL\RenderPass\Geometry\ForwardRenderPass.h">
      <Filter>Code\Graphics\OpenGL\RenderPass\Geometry</Filter>
    </ClInclude>
    <ClInclude Include="Code\Graphics\OpenGL\RenderPass\Geometry\GBufferCustomRenderPass.h">
      <Filter>Code\Graphics\OpenGL\RenderPass\Geometry</Filter>
    </ClInclude>
    <ClInclude Include="Code\Graphics\OpenGL\RenderPass\Geometry\GBufferRenderPass.h">
      <Filter>Code\Graphics\OpenGL\RenderPass\Geometry</Filter>
    </ClInclude>
    <ClInclude Include="Code\Graphics\OpenGL\RenderPass\Geometry\LightProbeRenderPass.h">
      <Filter>Code\Graphics\OpenGL\RenderPass\Geometry</Filter>
    </ClInclude>
    <ClInclude Include="Code\Graphics\OpenGL\RenderPass\Geometry\OutlineRenderPass.h">
      <Filter>Code\Graphics\OpenGL\RenderPass\Geometry</Filter>
    </ClInclude>
    <ClInclude Include="Code\Graphics\OpenGL\RenderPass\Geometry\SkyboxRenderPass.h">
      <Filter>Code\Graphics\OpenGL\RenderPass\Geometry</Filter>
    </ClInclude>
    <ClInclude Include="Code\Graphics\OpenGL\RenderPass\Ocean\ButterflyPrecomputeRenderPass.h">
      <Filter>Code\Graphics\OpenGL\RenderPass\Ocean</Filter>
    </ClInclude>
    <ClInclude Include="Code\Graphics\OpenGL\RenderPass\Ocean\ButterflyComputeRenderPass.h">
      <Filter>Code\Graphics\OpenGL\RenderPass\Ocean</Filter>
    </ClInclude>
    <ClInclude Include="Code\Graphics\OpenGL\RenderPass\Ocean\TildeH0kRenderPass.h">
      <Filter>Code\Graphics\OpenGL\RenderPass\Ocean</Filter>
    </ClInclude>
    <ClInclude Include="Code\Graphics\OpenGL\RenderPass\Ocean\TildeHktRenderPass.h">
      <Filter>Code\Graphics\OpenGL\RenderPass\Ocean</Filter>
    </ClInclude>
    <ClInclude Include="Code\Graphics\OpenGL\RenderPass\Ocean\InversePermuteRenderPass.h">
      <Filter>Code\Graphics\OpenGL\RenderPass\Ocean</Filter>
    </ClInclude>
    <ClInclude Include="Code\Graphics\OpenGL\RenderPass\Ocean\OceanNormalRenderPass.h">
      <Filter>Code\Graphics\OpenGL\RenderPass\Ocean</Filter>
    </ClInclude>
    <ClInclude Include="Code\Graphics\OpenGL\RenderPass\Ocean\OceanRenderPass.h">
      <Filter>Code\Graphics\OpenGL\RenderPass\Ocean</Filter>
    </ClInclude>
    <ClInclude Include="Code\Graphics\OpenGL\RenderPass\Ocean\OceanTesselationRenderPass.h">
      <Filter>Code\Graphics\OpenGL\RenderPass\Ocean</Filter>
    </ClInclude>
    <ClInclude Include="Code\Graphics\OpenGL\LightPropagationVolumes.h">
      <Filter>Code\Graphics\OpenGL</Filter>
    </ClInclude>
    <ClInclude Include="Code\Graphics\OpenGL\RenderPass\LPV\RSMRenderPass.h">
      <Filter>Code\Graphics\OpenGL\RenderPass\LPV</Filter>
    </ClInclude>
    <ClInclude Include="Code\Graphics\OpenGL\RenderPass\LPV\LightInjectionRenderPass.h">
      <Filter>Code\Graphics\OpenGL\RenderPass\LPV</Filter>
    </ClInclude>
    <ClInclude Include="Code\Graphics\OpenGL\RenderPass\LPV\LightPropagationRenderPass.h">
      <Filter>Code\Graphics\OpenGL\RenderPass\LPV</Filter>
    </ClInclude>
    <ClInclude Include="Code\Graphics\Volume.h">
      <Filter>Code\Graphics</Filter>
    </ClInclude>
    <ClInclude Include="Code\Graphics\OpenGL\RenderPass\Shadow\ShadowRenderPass.h">
      <Filter>Code\Graphics\OpenGL\RenderPass\Shadow</Filter>
    </ClInclude>
    <ClInclude Include="Code\Graphics\OpenGL\RenderPass\Lighting\StencilRenderPass.h">
      <Filter>Code\Graphics\OpenGL\RenderPass\Lighting</Filter>
    </ClInclude>
    <ClInclude Include="Code\Graphics\OpenGL\RenderPass\LPV\GeometryInjectionRenderPass.h">
      <Filter>Code\Graphics\OpenGL\RenderPass\LPV</Filter>
    </ClInclude>
    <ClInclude Include="Code\Graphics\OpenGL\RenderPass\Debug\BoundingBoxRenderPass.h">
      <Filter>Code\Graphics\OpenGL\RenderPass\Debug</Filter>
    </ClInclude>
    <ClInclude Include="Code\Graphics\OpenGL\RenderPass\Lighting\DeferredEnvironmentProbeRenderPass.h">
      <Filter>Code\Graphics\OpenGL\RenderPass\Lighting</Filter>
    </ClInclude>
    <ClInclude Include="Code\Graphics\OpenGL\RenderPass\SSAO\GTAOTemporalDenoiseRenderPass.h">
      <Filter>Code\Graphics\OpenGL\RenderPass\SSAO</Filter>
    </ClInclude>
    <ClInclude Include="Code\Graphics\OpenGL\RenderPass\SSAO\GTAOSpatialDenoiseRenderPass.h">
      <Filter>Code\Graphics\OpenGL\RenderPass\SSAO</Filter>
    </ClInclude>
    <ClInclude Include="Code\Graphics\OpenGL\ComputePass\LensFlares\AnamorphicUpsampleComputePass.h">
      <Filter>Code\Graphics\OpenGL\ComputePass\LensFlares</Filter>
    </ClInclude>
    <ClInclude Include="Code\Graphics\OpenGL\ComputePass\LensFlares\AnamorphicDownsampleComputePass.h">
      <Filter>Code\Graphics\OpenGL\ComputePass\LensFlares</Filter>
    </ClInclude>
    <ClInclude Include="Code\Graphics\OpenGL\ComputePass\LensFlares\AnamorphicPrefilterComputePass.h">
      <Filter>Code\Graphics\OpenGL\ComputePass\LensFlares</Filter>
    </ClInclude>
    <ClInclude Include="Code\Graphics\OpenGL\RenderPass\AntiAliasing\FXAARenderPass.h">
      <Filter>Code\Graphics\OpenGL\RenderPass\AntiAliasing</Filter>
    </ClInclude>
    <ClInclude Include="Code\Graphics\OpenGL\RenderPass\AntiAliasing\SMAAEdgeDetectionRenderPass.h">
      <Filter>Code\Graphics\OpenGL\RenderPass\AntiAliasing</Filter>
    </ClInclude>
    <ClInclude Include="Code\Graphics\OpenGL\RenderPass\AntiAliasing\SMAABlendWeightRenderPass.h">
      <Filter>Code\Graphics\OpenGL\RenderPass\AntiAliasing</Filter>
    </ClInclude>
    <ClInclude Include="Code\Graphics\OpenGL\RenderPass\AntiAliasing\SMAABlendRenderPass.h">
      <Filter>Code\Graphics\OpenGL\RenderPass\AntiAliasing</Filter>
    </ClInclude>
    <ClInclude Include="Code\Graphics\OpenGL\RenderPass\AntiAliasing\SMAATemporalResolveRenderPass.h">
      <Filter>Code\Graphics\OpenGL\RenderPass\AntiAliasing</Filter>
    </ClInclude>
    <ClInclude Include="Code\Graphics\OpenGL\ComputePass\GodRays\GodRayMaskComputePass.h">
      <Filter>Code\Graphics\OpenGL\ComputePass\GodRays</Filter>
    </ClInclude>
    <ClInclude Include="Code\Graphics\OpenGL\ComputePass\GodRays\GodRayGenComputePass.h">
      <Filter>Code\Graphics\OpenGL\ComputePass\GodRays</Filter>
    </ClInclude>
    <ClInclude Include="Code\Graphics\OpenGL\ComputePass\Exposure\LuminanceGenComputePass.h">
      <Filter>Code\Graphics\OpenGL\ComputePass\Exposure</Filter>
    </ClInclude>
    <ClInclude Include="Code\Graphics\OpenGL\ComputePass\Exposure\LuminanceAdaptionComputePass.h">
      <Filter>Code\Graphics\OpenGL\ComputePass\Exposure</Filter>
    </ClInclude>
    <ClInclude Include="Code\Graphics\OpenGL\ComputePass\MotionBlur\VelocityCorrectionComputePass.h">
      <Filter>Code\Graphics\OpenGL\ComputePass\MotionBlur</Filter>
    </ClInclude>
    <ClInclude Include="Code\Graphics\OpenGL\ComputePass\DepthOfField\SimpleDofBlurComputePass.h">
      <Filter>Code\Graphics\OpenGL\ComputePass\DepthOfField</Filter>
    </ClInclude>
    <ClInclude Include="Code\Graphics\OpenGL\ComputePass\DepthOfField\SimpleDofFillComputePass.h">
      <Filter>Code\Graphics\OpenGL\ComputePass\DepthOfField</Filter>
    </ClInclude>
    <ClInclude Include="Code\Graphics\OpenGL\ComputePass\DepthOfField\SimpleDofCompositeComputePass.h">
      <Filter>Code\Graphics\OpenGL\ComputePass\DepthOfField</Filter>
    </ClInclude>
    <ClInclude Include="Code\Graphics\OpenGL\ComputePass\DepthOfField\SimpleDofCocBlurComputePass.h">
      <Filter>Code\Graphics\OpenGL\ComputePass\DepthOfField</Filter>
    </ClInclude>
    <ClInclude Include="Code\Graphics\OpenGL\RenderPass\DepthOfField\SpriteDofRenderPass.h">
      <Filter>Code\Graphics\OpenGL\RenderPass\DepthOfField</Filter>
    </ClInclude>
    <ClInclude Include="Code\Graphics\OpenGL\ComputePass\DepthOfField\SpriteDofCompositeComputePass.h">
      <Filter>Code\Graphics\OpenGL\ComputePass\DepthOfField</Filter>
    </ClInclude>
    <ClInclude Include="Code\Graphics\OpenGL\ComputePass\DepthOfField\SeperateDofDownsampleComputePass.h">
      <Filter>Code\Graphics\OpenGL\ComputePass\DepthOfField</Filter>
    </ClInclude>
    <ClInclude Include="Code\Graphics\OpenGL\ComputePass\DepthOfField\SeperateDofBlurComputePass.h">
      <Filter>Code\Graphics\OpenGL\ComputePass\DepthOfField</Filter>
    </ClInclude>
    <ClInclude Include="Code\Graphics\SampleKernel.h">
      <Filter>Code\Graphics</Filter>
    </ClInclude>
    <ClInclude Include="Code\Graphics\OpenGL\ComputePass\DepthOfField\SeperateDofFillComputePass.h">
      <Filter>Code\Graphics\OpenGL\ComputePass\DepthOfField</Filter>
    </ClInclude>
    <ClInclude Include="Code\Graphics\OpenGL\ComputePass\DepthOfField\SeperateDofCompositeComputePass.h">
      <Filter>Code\Graphics\OpenGL\ComputePass\DepthOfField</Filter>
    </ClInclude>
    <ClInclude Include="Code\Graphics\OpenGL\ComputePass\Exposure\LuminanceHistogramComputePass.h">
      <Filter>Code\Graphics\OpenGL\ComputePass\Exposure</Filter>
    </ClInclude>
    <ClInclude Include="Code\Graphics\OpenGL\ComputePass\Exposure\LuminanceHistogramReduceComputePass.h">
      <Filter>Code\Graphics\OpenGL\ComputePass\Exposure</Filter>
    </ClInclude>
    <ClInclude Include="Code\Graphics\OpenGL\ComputePass\Exposure\LuminanceHistogramAdaptionComputePass.h">
      <Filter>Code\Graphics\OpenGL\ComputePass\Exposure</Filter>
    </ClInclude>
    <ClInclude Include="Code\Graphics\OpenGL\ComputePass\DepthOfField\CocComputePass.h">
      <Filter>Code\Graphics\OpenGL\ComputePass\DepthOfField</Filter>
    </ClInclude>
    <ClInclude Include="Code\Graphics\OpenGL\RenderPass\DepthOfField\CocTileMaxRenderPass.h">
      <Filter>Code\Graphics\OpenGL\RenderPass\DepthOfField</Filter>
    </ClInclude>
    <ClInclude Include="Code\Graphics\OpenGL\RenderPass\DepthOfField\CocNeighborTileMaxRenderPass.h">
      <Filter>Code\Graphics\OpenGL\RenderPass\DepthOfField</Filter>
    </ClInclude>
    <ClInclude Include="Code\Graphics\OpenGL\RenderPass\MotionBlur\VelocityTileMaxRenderPass.h">
      <Filter>Code\Graphics\OpenGL\RenderPass\MotionBlur</Filter>
    </ClInclude>
    <ClInclude Include="Code\Graphics\OpenGL\RenderPass\MotionBlur\VelocityNeighborTileMaxRenderPass.h">
      <Filter>Code\Graphics\OpenGL\RenderPass\MotionBlur</Filter>
    </ClInclude>
    <ClInclude Include="Code\Graphics\OpenGL\RenderPass\LensFlares\LensFlareGenRenderPass.h">
      <Filter>Code\Graphics\OpenGL\RenderPass\LensFlares</Filter>
    </ClInclude>
    <ClInclude Include="Code\Graphics\OpenGL\RenderPass\LensFlares\LensFlareBlurRenderPass.h">
      <Filter>Code\Graphics\OpenGL\RenderPass\LensFlares</Filter>
    </ClInclude>
    <ClInclude Include="Code\Graphics\OpenGL\RenderPass\Bloom\BloomDownsampleRenderPass.h">
      <Filter>Code\Graphics\OpenGL\RenderPass\Bloom</Filter>
    </ClInclude>
    <ClInclude Include="Code\Graphics\OpenGL\RenderPass\Bloom\BloomUpsampleRenderPass.h">
      <Filter>Code\Graphics\OpenGL\RenderPass\Bloom</Filter>
    </ClInclude>
    <ClInclude Include="Code\Graphics\OpenGL\ComputePass\Bloom\BloomDownsampleComputePass.h">
      <Filter>Code\Graphics\OpenGL\ComputePass\Bloom</Filter>
    </ClInclude>
    <ClInclude Include="Code\Graphics\OpenGL\ComputePass\Bloom\BloomUpsampleComputePass.h">
      <Filter>Code\Graphics\OpenGL\ComputePass\Bloom</Filter>
    </ClInclude>
    <ClInclude Include="Code\Graphics\OpenGL\RenderPass\Misc\SimplePostEffectsRenderPass.h">
      <Filter>Code\Graphics\OpenGL\RenderPass\Misc</Filter>
    </ClInclude>
    <ClInclude Include="Code\Graphics\OpenGL\RenderPass\Misc\ToneMapRenderPass.h">
      <Filter>Code\Graphics\OpenGL\RenderPass\Misc</Filter>
    </ClInclude>
    <ClInclude Include="Code\Graphics\OpenGL\ComputePass\DepthOfField\CombinedDofTileMaxComputePass.h">
      <Filter>Code\Graphics\OpenGL\ComputePass\DepthOfField</Filter>
    </ClInclude>
    <ClInclude Include="Code\Graphics\OpenGL\ComputePass\DepthOfField\CombinedDofNeighborTileMaxComputePass.h">
      <Filter>Code\Graphics\OpenGL\ComputePass\DepthOfField</Filter>
    </ClInclude>
    <ClInclude Include="Code\Graphics\OpenGL\ComputePass\DepthOfField\CombinedDofPrepareComputePass.h">
      <Filter>Code\Graphics\OpenGL\ComputePass\DepthOfField</Filter>
    </ClInclude>
    <ClInclude Include="Code\Graphics\OpenGL\ComputePass\DepthOfField\SeperateDofTileMaxComputePass.h">
      <Filter>Code\Graphics\OpenGL\ComputePass\DepthOfField</Filter>
    </ClInclude>
  </ItemGroup>
  <ItemGroup>
    <ClCompile Include="Code\Engine.cpp">
      <Filter>Code</Filter>
    </ClCompile>
    <ClCompile Include="Code\EntityComponentSystem\EntityManager.cpp">
      <Filter>Code\EntityComponentSystem</Filter>
    </ClCompile>
    <ClCompile Include="Code\EntityComponentSystem\Component.cpp">
      <Filter>Code\EntityComponentSystem</Filter>
    </ClCompile>
    <ClCompile Include="Code\EntityComponentSystem\SystemManager.cpp">
      <Filter>Code\EntityComponentSystem</Filter>
    </ClCompile>
    <ClCompile Include="Code\Graphics\Camera.cpp">
      <Filter>Code\Graphics</Filter>
    </ClCompile>
    <ClCompile Include="Code\Graphics\Material.cpp">
      <Filter>Code\Graphics</Filter>
    </ClCompile>
    <ClCompile Include="Code\Graphics\Mesh.cpp">
      <Filter>Code\Graphics</Filter>
    </ClCompile>
    <ClCompile Include="Code\Graphics\Texture.cpp">
      <Filter>Code\Graphics</Filter>
    </ClCompile>
    <ClCompile Include="Code\EntityComponentSystem\Systems\RenderSystem.cpp">
      <Filter>Code\EntityComponentSystem\Systems</Filter>
    </ClCompile>
    <ClCompile Include="Code\Settings.cpp">
      <Filter>Code</Filter>
    </ClCompile>
    <ClCompile Include="Code\EasingFunctions.cpp">
      <Filter>Code</Filter>
    </ClCompile>
    <ClCompile Include="Code\Gui\Elements\GuiRow.cpp">
      <Filter>Code\Gui\Elements</Filter>
    </ClCompile>
    <ClCompile Include="Code\Gui\Elements\GuiWindow.cpp">
      <Filter>Code\Gui\Elements</Filter>
    </ClCompile>
    <ClCompile Include="Code\Gui\Elements\GuiElement.cpp">
      <Filter>Code\Gui\Elements</Filter>
    </ClCompile>
    <ClCompile Include="Code\Gui\Systems\GuiInputHandler.cpp">
      <Filter>Code\Gui\Systems</Filter>
    </ClCompile>
    <ClCompile Include="Code\Gui\Systems\GuiRenderer.cpp">
      <Filter>Code\Gui\Systems</Filter>
    </ClCompile>
    <ClCompile Include="Code\Gui\Systems\GuiFontManager.cpp">
      <Filter>Code\Gui\Systems</Filter>
    </ClCompile>
    <ClCompile Include="Code\Gui\GuiJSONParser.cpp">
      <Filter>Code\Gui</Filter>
    </ClCompile>
    <ClCompile Include="Code\Gui\GuiLayout.cpp">
      <Filter>Code\Gui</Filter>
    </ClCompile>
    <ClCompile Include="Code\Gui\Gui.cpp">
      <Filter>Code\Gui</Filter>
    </ClCompile>
    <ClCompile Include="Code\Utilities\INIFile.cpp">
      <Filter>Code\Utilities</Filter>
    </ClCompile>
    <ClCompile Include="Code\Utilities\Utility.cpp">
      <Filter>Code\Utilities</Filter>
    </ClCompile>
    <ClCompile Include="Code\Gui\Style\GuiStyleProperty.cpp">
      <Filter>Code\Gui\Style</Filter>
    </ClCompile>
    <ClCompile Include="Code\Gui\Style\GuiStyleSheet.cpp">
      <Filter>Code\Gui\Style</Filter>
    </ClCompile>
    <ClCompile Include="Code\Gui\Style\GuiStyleBlock.cpp">
      <Filter>Code\Gui\Style</Filter>
    </ClCompile>
    <ClCompile Include="Code\EntityComponentSystem\Systems\MovementSystem.cpp">
      <Filter>Code\EntityComponentSystem\Systems</Filter>
    </ClCompile>
    <ClCompile Include="Code\EntityComponentSystem\Systems\GrabbingSystem.cpp">
      <Filter>Code\EntityComponentSystem\Systems</Filter>
    </ClCompile>
    <ClCompile Include="Code\Utilities\Intersection.cpp">
      <Filter>Code\Utilities</Filter>
    </ClCompile>
    <ClCompile Include="Code\Network\NetUtility.cpp">
      <Filter>Code\Network</Filter>
    </ClCompile>
    <ClCompile Include="Code\Network\Connection.cpp">
      <Filter>Code\Network</Filter>
    </ClCompile>
    <ClCompile Include="Code\Network\ByteBuffer.cpp">
      <Filter>Code\Network</Filter>
    </ClCompile>
    <ClCompile Include="Code\Network\BaseServer.cpp">
      <Filter>Code\Network</Filter>
    </ClCompile>
    <ClCompile Include="Code\Graphics\Lights.cpp">
      <Filter>Code\Graphics</Filter>
    </ClCompile>
    <ClCompile Include="Code\EntityComponentSystem\Systems\RotationSystem.cpp">
      <Filter>Code\EntityComponentSystem\Systems</Filter>
    </ClCompile>
    <ClCompile Include="Code\EntityComponentSystem\Systems\SoundSystem.cpp">
      <Filter>Code\EntityComponentSystem\Systems</Filter>
    </ClCompile>
    <ClCompile Include="Code\EntityComponentSystem\Systems\PerpetualRotationSystem.cpp">
      <Filter>Code\EntityComponentSystem\Systems</Filter>
    </ClCompile>
    <ClCompile Include="Code\EntityComponentSystem\Systems\MovementPathSystem.cpp">
      <Filter>Code\EntityComponentSystem\Systems</Filter>
    </ClCompile>
    <ClCompile Include="Code\Utilities\JSONUtility.cpp">
      <Filter>Code\Utilities</Filter>
    </ClCompile>
    <ClCompile Include="Code\Gui\Style\IStyleable.cpp">
      <Filter>Code\Gui\Style</Filter>
    </ClCompile>
    <ClCompile Include="Code\Network\NetLoadManager.cpp">
      <Filter>Code\Network</Filter>
    </ClCompile>
    <ClCompile Include="Code\Utilities\md5.cpp">
      <Filter>Code\Utilities</Filter>
    </ClCompile>
    <ClCompile Include="Code\Graphics\EnvironmentProbe.cpp">
      <Filter>Code\Graphics</Filter>
    </ClCompile>
    <ClCompile Include="Code\Level.cpp">
      <Filter>Code</Filter>
    </ClCompile>
    <ClCompile Include="Code\Graphics\stb_image.cpp">
      <Filter>Code\Graphics</Filter>
    </ClCompile>
    <ClCompile Include="Code\Graphics\stb_image_resize.cpp">
      <Filter>Code\Graphics</Filter>
    </ClCompile>
    <ClCompile Include="Code\JobManager.cpp">
      <Filter>Code</Filter>
    </ClCompile>
    <ClCompile Include="Code\Graphics\Scene.cpp">
      <Filter>Code\Graphics</Filter>
    </ClCompile>
    <ClCompile Include="Code\Graphics\CameraPath.cpp">
      <Filter>Code\Graphics</Filter>
    </ClCompile>
    <ClCompile Include="Code\EntityComponentSystem\System.cpp">
      <Filter>Code\EntityComponentSystem</Filter>
    </ClCompile>
    <ClCompile Include="Code\Graphics\Model.cpp">
      <Filter>Code\Graphics</Filter>
    </ClCompile>
    <ClCompile Include="Code\EntityComponentSystem\Systems\PhysicsSystem.cpp">
      <Filter>Code\EntityComponentSystem\Systems</Filter>
    </ClCompile>
    <ClCompile Include="Code\Input\UserInput.cpp">
      <Filter>Code\Input</Filter>
    </ClCompile>
    <ClCompile Include="Code\Graphics\OpenGL\Buffer.cpp">
      <Filter>Code\Graphics\OpenGL</Filter>
    </ClCompile>
    <ClCompile Include="Code\Graphics\OpenGL\EnvironmentRenderer.cpp">
      <Filter>Code\Graphics\OpenGL</Filter>
    </ClCompile>
    <ClCompile Include="Code\Graphics\OpenGL\glad.c">
      <Filter>Code\Graphics\OpenGL</Filter>
    </ClCompile>
    <ClCompile Include="Code\Graphics\OpenGL\GraphicsFramework.cpp">
      <Filter>Code\Graphics\OpenGL</Filter>
    </ClCompile>
    <ClCompile Include="Code\Graphics\OpenGL\Ocean.cpp">
      <Filter>Code\Graphics\OpenGL</Filter>
    </ClCompile>
    <ClCompile Include="Code\Graphics\OpenGL\PostProcessRenderer.cpp">
      <Filter>Code\Graphics\OpenGL</Filter>
    </ClCompile>
    <ClCompile Include="Code\Graphics\OpenGL\SceneRenderer.cpp">
      <Filter>Code\Graphics\OpenGL</Filter>
    </ClCompile>
    <ClCompile Include="Code\Graphics\OpenGL\ShaderProgram.cpp">
      <Filter>Code\Graphics\OpenGL</Filter>
    </ClCompile>
    <ClCompile Include="Code\Graphics\OpenGL\TileRing.cpp">
      <Filter>Code\Graphics\OpenGL</Filter>
    </ClCompile>
    <ClCompile Include="Code\Graphics\OpenGL\Uniform.cpp">
      <Filter>Code\Graphics\OpenGL</Filter>
    </ClCompile>
    <ClCompile Include="Code\Graphics\OpenGL\VolumetricLighting.cpp">
      <Filter>Code\Graphics\OpenGL</Filter>
    </ClCompile>
    <ClCompile Include="Code\Sound\OpenAL\SoundBuffer.cpp">
      <Filter>Code\Sound\OpenAL</Filter>
    </ClCompile>
    <ClCompile Include="Code\Sound\OpenAL\SoundFramework.cpp">
      <Filter>Code\Sound\OpenAL</Filter>
    </ClCompile>
    <ClCompile Include="Code\Sound\OpenAL\SoundListener.cpp">
      <Filter>Code\Sound\OpenAL</Filter>
    </ClCompile>
    <ClCompile Include="Code\Sound\OpenAL\SoundSource.cpp">
      <Filter>Code\Sound\OpenAL</Filter>
    </ClCompile>
    <ClCompile Include="Code\Sound\OpenAL\stb_vorbis.c">
      <Filter>Code\Sound\OpenAL</Filter>
    </ClCompile>
    <ClCompile Include="Code\Window\Window.cpp">
      <Filter>Code\Window</Filter>
    </ClCompile>
    <ClCompile Include="Code\Window\GLFW\WindowFramework.cpp">
      <Filter>Code\Window\GLFW</Filter>
    </ClCompile>
    <ClCompile Include="Code\Graphics\OpenGL\GLUtility.cpp">
      <Filter>Code\Graphics\OpenGL</Filter>
    </ClCompile>
    <ClCompile Include="Code\Sound\OpenAL\ALUtility.cpp">
      <Filter>Code\Sound\OpenAL</Filter>
    </ClCompile>
    <ClCompile Include="Code\Utilities\MathUtility.cpp">
      <Filter>Code\Utilities</Filter>
    </ClCompile>
    <ClCompile Include="Code\Graphics\Frustum.cpp">
      <Filter>Code\Graphics</Filter>
    </ClCompile>
    <ClCompile Include="Code\Graphics\OpenGL\RenderPass\RenderPass.cpp">
      <Filter>Code\Graphics\OpenGL\RenderPass</Filter>
    </ClCompile>
    <ClCompile Include="Code\Graphics\OpenGL\RenderPass\SSAO\GTAORenderPass.cpp">
      <Filter>Code\Graphics\OpenGL\RenderPass\SSAO</Filter>
    </ClCompile>
    <ClCompile Include="Code\Graphics\OpenGL\RenderPass\SSAO\HBAORenderPass.cpp">
      <Filter>Code\Graphics\OpenGL\RenderPass\SSAO</Filter>
    </ClCompile>
    <ClCompile Include="Code\Graphics\OpenGL\RenderPass\SSAO\SSAOBilateralBlurRenderPass.cpp">
      <Filter>Code\Graphics\OpenGL\RenderPass\SSAO</Filter>
    </ClCompile>
    <ClCompile Include="Code\Graphics\OpenGL\RenderPass\SSAO\SSAOBlurRenderPass.cpp">
      <Filter>Code\Graphics\OpenGL\RenderPass\SSAO</Filter>
    </ClCompile>
    <ClCompile Include="Code\Graphics\OpenGL\RenderPass\SSAO\SSAOOriginalRenderPass.cpp">
      <Filter>Code\Graphics\OpenGL\RenderPass\SSAO</Filter>
    </ClCompile>
    <ClCompile Include="Code\Graphics\OpenGL\RenderPass\SSAO\SSAORenderPass.cpp">
      <Filter>Code\Graphics\OpenGL\RenderPass\SSAO</Filter>
    </ClCompile>
    <ClCompile Include="Code\Graphics\OpenGL\RenderPass\Lighting\AmbientLightRenderPass.cpp">
      <Filter>Code\Graphics\OpenGL\RenderPass\Lighting</Filter>
    </ClCompile>
    <ClCompile Include="Code\Graphics\OpenGL\RenderPass\Lighting\DirectionalLightRenderPass.cpp">
      <Filter>Code\Graphics\OpenGL\RenderPass\Lighting</Filter>
    </ClCompile>
    <ClCompile Include="Code\Graphics\OpenGL\RenderPass\Lighting\PointLightRenderPass.cpp">
      <Filter>Code\Graphics\OpenGL\RenderPass\Lighting</Filter>
    </ClCompile>
    <ClCompile Include="Code\Graphics\OpenGL\RenderPass\Lighting\SpotLightRenderPass.cpp">
      <Filter>Code\Graphics\OpenGL\RenderPass\Lighting</Filter>
    </ClCompile>
    <ClCompile Include="Code\Graphics\OpenGL\RenderPass\Geometry\ForwardCustomRenderPass.cpp">
      <Filter>Code\Graphics\OpenGL\RenderPass\Geometry</Filter>
    </ClCompile>
    <ClCompile Include="Code\Graphics\OpenGL\RenderPass\Geometry\ForwardRenderPass.cpp">
      <Filter>Code\Graphics\OpenGL\RenderPass\Geometry</Filter>
    </ClCompile>
    <ClCompile Include="Code\Graphics\OpenGL\RenderPass\Geometry\GBufferCustomRenderPass.cpp">
      <Filter>Code\Graphics\OpenGL\RenderPass\Geometry</Filter>
    </ClCompile>
    <ClCompile Include="Code\Graphics\OpenGL\RenderPass\Geometry\GBufferRenderPass.cpp">
      <Filter>Code\Graphics\OpenGL\RenderPass\Geometry</Filter>
    </ClCompile>
    <ClCompile Include="Code\Graphics\OpenGL\RenderPass\Geometry\LightProbeRenderPass.cpp">
      <Filter>Code\Graphics\OpenGL\RenderPass\Geometry</Filter>
    </ClCompile>
    <ClCompile Include="Code\Graphics\OpenGL\RenderPass\Geometry\OutlineRenderPass.cpp">
      <Filter>Code\Graphics\OpenGL\RenderPass\Geometry</Filter>
    </ClCompile>
    <ClCompile Include="Code\Graphics\OpenGL\RenderPass\Geometry\SkyboxRenderPass.cpp">
      <Filter>Code\Graphics\OpenGL\RenderPass\Geometry</Filter>
    </ClCompile>
    <ClCompile Include="Code\Graphics\OpenGL\RenderPass\Ocean\ButterflyPrecomputeRenderPass.cpp">
      <Filter>Code\Graphics\OpenGL\RenderPass\Ocean</Filter>
    </ClCompile>
    <ClCompile Include="Code\Graphics\OpenGL\RenderPass\Ocean\ButterflyComputeRenderPass.cpp">
      <Filter>Code\Graphics\OpenGL\RenderPass\Ocean</Filter>
    </ClCompile>
    <ClCompile Include="Code\Graphics\OpenGL\RenderPass\Ocean\TildeH0kRenderPass.cpp">
      <Filter>Code\Graphics\OpenGL\RenderPass\Ocean</Filter>
    </ClCompile>
    <ClCompile Include="Code\Graphics\OpenGL\RenderPass\Ocean\TildeHktRenderPass.cpp">
      <Filter>Code\Graphics\OpenGL\RenderPass\Ocean</Filter>
    </ClCompile>
    <ClCompile Include="Code\Graphics\OpenGL\RenderPass\Ocean\InversePermuteRenderPass.cpp">
      <Filter>Code\Graphics\OpenGL\RenderPass\Ocean</Filter>
    </ClCompile>
    <ClCompile Include="Code\Graphics\OpenGL\RenderPass\Ocean\OceanNormalRenderPass.cpp">
      <Filter>Code\Graphics\OpenGL\RenderPass\Ocean</Filter>
    </ClCompile>
    <ClCompile Include="Code\Graphics\OpenGL\RenderPass\Ocean\OceanRenderPass.cpp">
      <Filter>Code\Graphics\OpenGL\RenderPass\Ocean</Filter>
    </ClCompile>
    <ClCompile Include="Code\Graphics\OpenGL\RenderPass\Ocean\OceanTesselationRenderPass.cpp">
      <Filter>Code\Graphics\OpenGL\RenderPass\Ocean</Filter>
    </ClCompile>
    <ClCompile Include="Code\Graphics\OpenGL\LightPropagationVolumes.cpp">
      <Filter>Code\Graphics\OpenGL</Filter>
    </ClCompile>
    <ClCompile Include="Code\Graphics\OpenGL\RenderPass\LPV\RSMRenderPass.cpp">
      <Filter>Code\Graphics\OpenGL\RenderPass\LPV</Filter>
    </ClCompile>
    <ClCompile Include="Code\Graphics\OpenGL\RenderPass\LPV\LightInjectionRenderPass.cpp">
      <Filter>Code\Graphics\OpenGL\RenderPass\LPV</Filter>
    </ClCompile>
    <ClCompile Include="Code\Graphics\OpenGL\RenderPass\LPV\LightPropagationRenderPass.cpp">
      <Filter>Code\Graphics\OpenGL\RenderPass\LPV</Filter>
    </ClCompile>
    <ClCompile Include="Code\Graphics\OpenGL\RenderPass\Shadow\ShadowRenderPass.cpp">
      <Filter>Code\Graphics\OpenGL\RenderPass\Shadow</Filter>
    </ClCompile>
    <ClCompile Include="Code\Graphics\OpenGL\RenderPass\Lighting\StencilRenderPass.cpp">
      <Filter>Code\Graphics\OpenGL\RenderPass\Lighting</Filter>
    </ClCompile>
    <ClCompile Include="Code\Graphics\OpenGL\RenderPass\LPV\GeometryInjectionRenderPass.cpp">
      <Filter>Code\Graphics\OpenGL\RenderPass\LPV</Filter>
    </ClCompile>
    <ClCompile Include="Code\Graphics\OpenGL\RenderPass\Debug\BoundingBoxRenderPass.cpp">
      <Filter>Code\Graphics\OpenGL\RenderPass\Debug</Filter>
    </ClCompile>
    <ClCompile Include="Code\Graphics\OpenGL\RenderPass\Lighting\DeferredEnvironmentProbeRenderPass.cpp">
      <Filter>Code\Graphics\OpenGL\RenderPass\Lighting</Filter>
    </ClCompile>
    <ClCompile Include="Code\Graphics\OpenGL\RenderPass\SSAO\GTAOTemporalDenoiseRenderPass.cpp">
      <Filter>Code\Graphics\OpenGL\RenderPass\SSAO</Filter>
    </ClCompile>
    <ClCompile Include="Code\Graphics\OpenGL\RenderPass\SSAO\GTAOSpatialDenoiseRenderPass.cpp">
      <Filter>Code\Graphics\OpenGL\RenderPass\SSAO</Filter>
    </ClCompile>
    <ClCompile Include="Code\Graphics\OpenGL\ComputePass\LensFlares\AnamorphicDownsampleComputePass.cpp">
      <Filter>Code\Graphics\OpenGL\ComputePass\LensFlares</Filter>
    </ClCompile>
    <ClCompile Include="Code\Graphics\OpenGL\ComputePass\LensFlares\AnamorphicUpsampleComputePass.cpp">
      <Filter>Code\Graphics\OpenGL\ComputePass\LensFlares</Filter>
    </ClCompile>
    <ClCompile Include="Code\Graphics\OpenGL\ComputePass\LensFlares\AnamorphicPrefilterComputePass.cpp">
      <Filter>Code\Graphics\OpenGL\ComputePass\LensFlares</Filter>
    </ClCompile>
    <ClCompile Include="Code\Graphics\OpenGL\RenderPass\AntiAliasing\FXAARenderPass.cpp">
      <Filter>Code\Graphics\OpenGL\RenderPass\AntiAliasing</Filter>
    </ClCompile>
    <ClCompile Include="Code\Graphics\OpenGL\RenderPass\AntiAliasing\SMAAEdgeDetectionRenderPass.cpp">
      <Filter>Code\Graphics\OpenGL\RenderPass\AntiAliasing</Filter>
    </ClCompile>
    <ClCompile Include="Code\Graphics\OpenGL\RenderPass\AntiAliasing\SMAABlendWeightRenderPass.cpp">
      <Filter>Code\Graphics\OpenGL\RenderPass\AntiAliasing</Filter>
    </ClCompile>
    <ClCompile Include="Code\Graphics\OpenGL\RenderPass\AntiAliasing\SMAABlendRenderPass.cpp">
      <Filter>Code\Graphics\OpenGL\RenderPass\AntiAliasing</Filter>
    </ClCompile>
    <ClCompile Include="Code\Graphics\OpenGL\RenderPass\AntiAliasing\SMAATemporalResolveRenderPass.cpp">
      <Filter>Code\Graphics\OpenGL\RenderPass\AntiAliasing</Filter>
    </ClCompile>
    <ClCompile Include="Code\Graphics\OpenGL\ComputePass\GodRays\GodRayMaskComputePass.cpp">
      <Filter>Code\Graphics\OpenGL\ComputePass\GodRays</Filter>
    </ClCompile>
    <ClCompile Include="Code\Graphics\OpenGL\ComputePass\GodRays\GodRayGenComputePass.cpp">
      <Filter>Code\Graphics\OpenGL\ComputePass\GodRays</Filter>
    </ClCompile>
    <ClCompile Include="Code\Graphics\OpenGL\ComputePass\Exposure\LuminanceGenComputePass.cpp">
      <Filter>Code\Graphics\OpenGL\ComputePass\Exposure</Filter>
    </ClCompile>
    <ClCompile Include="Code\Graphics\OpenGL\ComputePass\Exposure\LuminanceAdaptionComputePass.cpp">
      <Filter>Code\Graphics\OpenGL\ComputePass\Exposure</Filter>
    </ClCompile>
    <ClCompile Include="Code\Graphics\OpenGL\ComputePass\MotionBlur\VelocityCorrectionComputePass.cpp">
      <Filter>Code\Graphics\OpenGL\ComputePass\MotionBlur</Filter>
    </ClCompile>
    <ClCompile Include="Code\Graphics\OpenGL\ComputePass\DepthOfField\SimpleDofBlurComputePass.cpp">
      <Filter>Code\Graphics\OpenGL\ComputePass\DepthOfField</Filter>
    </ClCompile>
    <ClCompile Include="Code\Graphics\OpenGL\ComputePass\DepthOfField\SimpleDofFillComputePass.cpp">
      <Filter>Code\Graphics\OpenGL\ComputePass\DepthOfField</Filter>
    </ClCompile>
    <ClCompile Include="Code\Graphics\OpenGL\ComputePass\DepthOfField\SimpleDofCompositeComputePass.cpp">
      <Filter>Code\Graphics\OpenGL\ComputePass\DepthOfField</Filter>
    </ClCompile>
    <ClCompile Include="Code\Graphics\OpenGL\ComputePass\DepthOfField\SimpleDofCocBlurComputePass.cpp">
      <Filter>Code\Graphics\OpenGL\ComputePass\DepthOfField</Filter>
    </ClCompile>
    <ClCompile Include="Code\Graphics\OpenGL\RenderPass\DepthOfField\SpriteDofRenderPass.cpp">
      <Filter>Code\Graphics\OpenGL\RenderPass\DepthOfField</Filter>
    </ClCompile>
    <ClCompile Include="Code\Graphics\OpenGL\ComputePass\DepthOfField\SpriteDofCompositeComputePass.cpp">
      <Filter>Code\Graphics\OpenGL\ComputePass\DepthOfField</Filter>
    </ClCompile>
    <ClCompile Include="Code\Graphics\OpenGL\ComputePass\DepthOfField\SeperateDofDownsampleComputePass.cpp">
      <Filter>Code\Graphics\OpenGL\ComputePass\DepthOfField</Filter>
    </ClCompile>
    <ClCompile Include="Code\Graphics\OpenGL\ComputePass\DepthOfField\SeperateDofBlurComputePass.cpp">
      <Filter>Code\Graphics\OpenGL\ComputePass\DepthOfField</Filter>
    </ClCompile>
    <ClCompile Include="Code\Graphics\SampleKernel.cpp">
      <Filter>Code\Graphics</Filter>
    </ClCompile>
    <ClCompile Include="Code\Graphics\OpenGL\ComputePass\DepthOfField\SeperateDofFillComputePass.cpp">
      <Filter>Code\Graphics\OpenGL\ComputePass\DepthOfField</Filter>
    </ClCompile>
    <ClCompile Include="Code\Graphics\OpenGL\ComputePass\DepthOfField\SeperateDofCompositeComputePass.cpp">
      <Filter>Code\Graphics\OpenGL\ComputePass\DepthOfField</Filter>
    </ClCompile>
    <ClCompile Include="Code\Graphics\OpenGL\ComputePass\Exposure\LuminanceHistogramComputePass.cpp">
      <Filter>Code\Graphics\OpenGL\ComputePass\Exposure</Filter>
    </ClCompile>
    <ClCompile Include="Code\Graphics\OpenGL\ComputePass\Exposure\LuminanceHistogramReduceComputePass.cpp">
      <Filter>Code\Graphics\OpenGL\ComputePass\Exposure</Filter>
    </ClCompile>
    <ClCompile Include="Code\Graphics\OpenGL\ComputePass\Exposure\LuminanceHistogramAdaptionComputePass.cpp">
      <Filter>Code\Graphics\OpenGL\ComputePass\Exposure</Filter>
    </ClCompile>
    <ClCompile Include="Code\Graphics\OpenGL\ComputePass\DepthOfField\CocComputePass.cpp">
      <Filter>Code\Graphics\OpenGL\ComputePass\DepthOfField</Filter>
    </ClCompile>
    <ClCompile Include="Code\Graphics\OpenGL\RenderPass\DepthOfField\CocTileMaxRenderPass.cpp">
      <Filter>Code\Graphics\OpenGL\RenderPass\DepthOfField</Filter>
    </ClCompile>
    <ClCompile Include="Code\Graphics\OpenGL\RenderPass\DepthOfField\CocNeighborTileMaxRenderPass.cpp">
      <Filter>Code\Graphics\OpenGL\RenderPass\DepthOfField</Filter>
    </ClCompile>
    <ClCompile Include="Code\Graphics\OpenGL\RenderPass\MotionBlur\VelocityTileMaxRenderPass.cpp">
      <Filter>Code\Graphics\OpenGL\RenderPass\MotionBlur</Filter>
    </ClCompile>
    <ClCompile Include="Code\Graphics\OpenGL\RenderPass\MotionBlur\VelocityNeighborTileMaxRenderPass.cpp">
      <Filter>Code\Graphics\OpenGL\RenderPass\MotionBlur</Filter>
    </ClCompile>
    <ClCompile Include="Code\Graphics\OpenGL\RenderPass\LensFlares\LensFlareGenRenderPass.cpp">
      <Filter>Code\Graphics\OpenGL\RenderPass\LensFlares</Filter>
    </ClCompile>
    <ClCompile Include="Code\Graphics\OpenGL\RenderPass\LensFlares\LensFlareBlurRenderPass.cpp">
      <Filter>Code\Graphics\OpenGL\RenderPass\LensFlares</Filter>
    </ClCompile>
    <ClCompile Include="Code\Graphics\OpenGL\RenderPass\Bloom\BloomDownsampleRenderPass.cpp">
      <Filter>Code\Graphics\OpenGL\RenderPass\Bloom</Filter>
    </ClCompile>
    <ClCompile Include="Code\Graphics\OpenGL\RenderPass\Bloom\BloomUpsampleRenderPass.cpp">
      <Filter>Code\Graphics\OpenGL\RenderPass\Bloom</Filter>
    </ClCompile>
    <ClCompile Include="Code\Graphics\OpenGL\ComputePass\Bloom\BloomDownsampleComputePass.cpp">
      <Filter>Code\Graphics\OpenGL\ComputePass\Bloom</Filter>
    </ClCompile>
    <ClCompile Include="Code\Graphics\OpenGL\ComputePass\Bloom\BloomUpsampleComputePass.cpp">
      <Filter>Code\Graphics\OpenGL\ComputePass\Bloom</Filter>
    </ClCompile>
    <ClCompile Include="Code\Graphics\OpenGL\RenderPass\Misc\SimplePostEffectsRenderPass.cpp">
      <Filter>Code\Graphics\OpenGL\RenderPass\Misc</Filter>
    </ClCompile>
    <ClCompile Include="Code\Graphics\OpenGL\RenderPass\Misc\ToneMapRenderPass.cpp">
      <Filter>Code\Graphics\OpenGL\RenderPass\Misc</Filter>
    </ClCompile>
    <ClCompile Include="Code\Graphics\OpenGL\ComputePass\DepthOfField\CombinedDofTileMaxComputePass.cpp">
      <Filter>Code\Graphics\OpenGL\ComputePass\DepthOfField</Filter>
    </ClCompile>
    <ClCompile Include="Code\Graphics\OpenGL\ComputePass\DepthOfField\CombinedDofNeighborTileMaxComputePass.cpp">
      <Filter>Code\Graphics\OpenGL\ComputePass\DepthOfField</Filter>
    </ClCompile>
    <ClCompile Include="Code\Graphics\OpenGL\ComputePass\DepthOfField\CombinedDofPrepareComputePass.cpp">
      <Filter>Code\Graphics\OpenGL\ComputePass\DepthOfField</Filter>
    </ClCompile>
    <ClCompile Include="Code\Graphics\OpenGL\ComputePass\DepthOfField\SeperateDofTileMaxComputePass.cpp">
      <Filter>Code\Graphics\OpenGL\ComputePass\DepthOfField</Filter>
    </ClCompile>
  </ItemGroup>
  <ItemGroup>
    <None Include="..\Application\Resources\Shaders\Environment\atmosphere.frag">
      <Filter>Resources\Shaders\Environment</Filter>
    </None>
    <None Include="..\Application\Resources\Shaders\Environment\environmentProjection.vert">
      <Filter>Resources\Shaders\Environment</Filter>
    </None>
    <None Include="..\Application\Resources\Shaders\Environment\irradiance.frag">
      <Filter>Resources\Shaders\Environment</Filter>
    </None>
    <None Include="..\Application\Resources\Shaders\Environment\reflectance.frag">
      <Filter>Resources\Shaders\Environment</Filter>
    </None>
    <None Include="..\Application\Resources\Shaders\Gui\gui.frag">
      <Filter>Resources\Shaders\Gui</Filter>
    </None>
    <None Include="..\Application\Resources\Shaders\Gui\gui.vert">
      <Filter>Resources\Shaders\Gui</Filter>
    </None>
    <None Include="..\Application\Resources\Shaders\Shared\blit.frag">
      <Filter>Resources\Shaders\Shared</Filter>
    </None>
    <None Include="..\Application\Resources\Shaders\Shared\fullscreenTriangle.vert">
      <Filter>Resources\Shaders\Shared</Filter>
    </None>
    <None Include="..\Application\Resources\Shaders\Environment\brdf.frag">
      <Filter>Resources\Shaders\Environment</Filter>
    </None>
    <None Include="..\Application\Resources\Shaders\Shared\terrain.frag">
      <Filter>Resources\Shaders\Shared</Filter>
    </None>
    <None Include="..\Application\Resources\Shaders\Shared\terrain.tessc">
      <Filter>Resources\Shaders\Shared</Filter>
    </None>
    <None Include="..\Application\Resources\Shaders\Shared\terrain.tesse">
      <Filter>Resources\Shaders\Shared</Filter>
    </None>
    <None Include="..\Application\Resources\Shaders\Shared\terrain.vert">
      <Filter>Resources\Shaders\Shared</Filter>
    </None>
    <None Include="..\Application\Resources\Shaders\Geometry\forward.frag">
      <Filter>Resources\Shaders\Geometry</Filter>
    </None>
    <None Include="..\Application\Resources\Shaders\Geometry\forward.vert">
      <Filter>Resources\Shaders\Geometry</Filter>
    </None>
    <None Include="..\Application\Resources\Shaders\Geometry\lightProbe.frag">
      <Filter>Resources\Shaders\Geometry</Filter>
    </None>
    <None Include="..\Application\Resources\Shaders\Geometry\lightProbe.vert">
      <Filter>Resources\Shaders\Geometry</Filter>
    </None>
    <None Include="..\Application\Resources\Shaders\Geometry\outline.frag">
      <Filter>Resources\Shaders\Geometry</Filter>
    </None>
    <None Include="..\Application\Resources\Shaders\Geometry\outline.vert">
      <Filter>Resources\Shaders\Geometry</Filter>
    </None>
    <None Include="..\Application\Resources\Shaders\Geometry\skybox.frag">
      <Filter>Resources\Shaders\Geometry</Filter>
    </None>
    <None Include="..\Application\Resources\Shaders\Geometry\skybox.vert">
      <Filter>Resources\Shaders\Geometry</Filter>
    </None>
    <None Include="..\Application\Resources\Shaders\Lighting\brdf.comp">
      <Filter>Resources\Shaders\Lighting</Filter>
    </None>
    <None Include="..\Application\Resources\Shaders\LPV\lightInjection.frag">
      <Filter>Resources\Shaders\LPV</Filter>
    </None>
    <None Include="..\Application\Resources\Shaders\LPV\lightInjection.vert">
      <Filter>Resources\Shaders\LPV</Filter>
    </None>
    <None Include="..\Application\Resources\Shaders\LPV\lightPropagation.frag">
      <Filter>Resources\Shaders\LPV</Filter>
    </None>
    <None Include="..\Application\Resources\Shaders\LPV\lightPropagation.vert">
      <Filter>Resources\Shaders\LPV</Filter>
    </None>
    <None Include="..\Application\Resources\Shaders\LPV\rsm.frag">
      <Filter>Resources\Shaders\LPV</Filter>
    </None>
    <None Include="..\Application\Resources\Shaders\LPV\rsm.vert">
      <Filter>Resources\Shaders\LPV</Filter>
    </None>
    <None Include="..\Application\Resources\Shaders\Ocean\butterflyCompute.comp">
      <Filter>Resources\Shaders\Ocean</Filter>
    </None>
    <None Include="..\Application\Resources\Shaders\Ocean\butterflyCompute.frag">
      <Filter>Resources\Shaders\Ocean</Filter>
    </None>
    <None Include="..\Application\Resources\Shaders\Ocean\butterflyPrecompute.comp">
      <Filter>Resources\Shaders\Ocean</Filter>
    </None>
    <None Include="..\Application\Resources\Shaders\Ocean\butterflyPrecompute.frag">
      <Filter>Resources\Shaders\Ocean</Filter>
    </None>
    <None Include="..\Application\Resources\Shaders\Ocean\inversePermute.comp">
      <Filter>Resources\Shaders\Ocean</Filter>
    </None>
    <None Include="..\Application\Resources\Shaders\Ocean\inversePermute.frag">
      <Filter>Resources\Shaders\Ocean</Filter>
    </None>
    <None Include="..\Application\Resources\Shaders\Ocean\normal.comp">
      <Filter>Resources\Shaders\Ocean</Filter>
    </None>
    <None Include="..\Application\Resources\Shaders\Ocean\normal.frag">
      <Filter>Resources\Shaders\Ocean</Filter>
    </None>
    <None Include="..\Application\Resources\Shaders\Ocean\tildeH0k.comp">
      <Filter>Resources\Shaders\Ocean</Filter>
    </None>
    <None Include="..\Application\Resources\Shaders\Ocean\tildeH0k.frag">
      <Filter>Resources\Shaders\Ocean</Filter>
    </None>
    <None Include="..\Application\Resources\Shaders\Ocean\tildeHkt.comp">
      <Filter>Resources\Shaders\Ocean</Filter>
    </None>
    <None Include="..\Application\Resources\Shaders\Ocean\tildeHkt.frag">
      <Filter>Resources\Shaders\Ocean</Filter>
    </None>
    <None Include="..\Application\Resources\Shaders\Ocean\water.frag">
      <Filter>Resources\Shaders\Ocean</Filter>
    </None>
    <None Include="..\Application\Resources\Shaders\Ocean\water.geom">
      <Filter>Resources\Shaders\Ocean</Filter>
    </None>
    <None Include="..\Application\Resources\Shaders\Ocean\water.vert">
      <Filter>Resources\Shaders\Ocean</Filter>
    </None>
    <None Include="..\Application\Resources\Shaders\SSAO\gtao.frag">
      <Filter>Resources\Shaders\SSAO</Filter>
    </None>
    <None Include="..\Application\Resources\Shaders\SSAO\hbao.frag">
      <Filter>Resources\Shaders\SSAO</Filter>
    </None>
    <None Include="..\Application\Resources\Shaders\SSAO\ssao.frag">
      <Filter>Resources\Shaders\SSAO</Filter>
    </None>
    <None Include="..\Application\Resources\Shaders\SSAO\ssaoBilateralBlur.frag">
      <Filter>Resources\Shaders\SSAO</Filter>
    </None>
    <None Include="..\Application\Resources\Shaders\SSAO\ssaoBlur.frag">
      <Filter>Resources\Shaders\SSAO</Filter>
    </None>
    <None Include="..\Application\Resources\Shaders\SSAO\ssaoOriginal.frag">
      <Filter>Resources\Shaders\SSAO</Filter>
    </None>
    <None Include="..\Application\Resources\Shaders\Shadow\shadow.frag">
      <Filter>Resources\Shaders\Shadow</Filter>
    </None>
    <None Include="..\Application\Resources\Shaders\Shadow\shadow.vert">
      <Filter>Resources\Shaders\Shadow</Filter>
    </None>
    <None Include="..\Application\Resources\Shaders\VolumetricLighting\lightVolume.frag">
      <Filter>Resources\Shaders\VolumetricLighting</Filter>
    </None>
    <None Include="..\Application\Resources\Shaders\VolumetricLighting\lightVolume.tessc">
      <Filter>Resources\Shaders\VolumetricLighting</Filter>
    </None>
    <None Include="..\Application\Resources\Shaders\VolumetricLighting\lightVolume.tesse">
      <Filter>Resources\Shaders\VolumetricLighting</Filter>
    </None>
    <None Include="..\Application\Resources\Shaders\VolumetricLighting\lightVolume.vert">
      <Filter>Resources\Shaders\VolumetricLighting</Filter>
    </None>
    <None Include="..\Application\Resources\Shaders\VolumetricLighting\lightVolumeBase.vert">
      <Filter>Resources\Shaders\VolumetricLighting</Filter>
    </None>
    <None Include="..\Application\Resources\Shaders\VolumetricLighting\phaseLookup.comp">
      <Filter>Resources\Shaders\VolumetricLighting</Filter>
    </None>
    <None Include="..\Application\Resources\Shaders\Lighting\lightProxy.vert">
      <Filter>Resources\Shaders\Lighting</Filter>
    </None>
    <None Include="..\Application\Resources\Shaders\Lighting\ambientLight.frag">
      <Filter>Resources\Shaders\Lighting</Filter>
    </None>
    <None Include="..\Application\Resources\Shaders\Lighting\directionalLight.frag">
      <Filter>Resources\Shaders\Lighting</Filter>
    </None>
    <None Include="..\Application\Resources\Shaders\Lighting\pointLight.frag">
      <Filter>Resources\Shaders\Lighting</Filter>
    </None>
    <None Include="..\Application\Resources\Shaders\Lighting\spotLight.frag">
      <Filter>Resources\Shaders\Lighting</Filter>
    </None>
    <None Include="..\Application\Resources\Shaders\Lighting\stencil.frag">
      <Filter>Resources\Shaders\Lighting</Filter>
    </None>
    <None Include="..\Application\Resources\Shaders\Geometry\geometry.frag">
      <Filter>Resources\Shaders\Geometry</Filter>
    </None>
    <None Include="..\Application\Resources\Shaders\Geometry\geometry.vert">
      <Filter>Resources\Shaders\Geometry</Filter>
    </None>
    <None Include="..\Application\Resources\Shaders\LPV\geometryInjection.frag">
      <Filter>Resources\Shaders\LPV</Filter>
    </None>
    <None Include="..\Application\Resources\Shaders\LPV\geometryInjection.vert">
      <Filter>Resources\Shaders\LPV</Filter>
    </None>
    <None Include="..\Application\Resources\Shaders\Lighting\deferredEnvironmentProbe.frag">
      <Filter>Resources\Shaders\Lighting</Filter>
    </None>
    <None Include="..\Application\Resources\Shaders\Lighting\deferredEnvironmentProbe.vert">
      <Filter>Resources\Shaders\Lighting</Filter>
    </None>
    <None Include="..\Application\Resources\Shaders\MotionBlur\correctVelocities.comp">
      <Filter>Resources\Shaders\MotionBlur</Filter>
    </None>
    <None Include="..\Application\Resources\Shaders\SSAO\gtaoSpatialDenoise.frag">
      <Filter>Resources\Shaders\SSAO</Filter>
    </None>
    <None Include="..\Application\Resources\Shaders\SSAO\gtaoTemporalDenoise.frag">
      <Filter>Resources\Shaders\SSAO</Filter>
    </None>
    <None Include="..\Application\Resources\Shaders\MotionBlur\velocityNeighborTileMax.frag">
      <Filter>Resources\Shaders\MotionBlur</Filter>
    </None>
    <None Include="..\Application\Resources\Shaders\MotionBlur\velocityTileMax.frag">
      <Filter>Resources\Shaders\MotionBlur</Filter>
    </None>
    <None Include="..\Application\Resources\Shaders\Misc\downsample.frag">
      <Filter>Resources\Shaders\Misc</Filter>
    </None>
    <None Include="..\Application\Resources\Shaders\Misc\hdr.frag">
      <Filter>Resources\Shaders\Misc</Filter>
    </None>
    <None Include="..\Application\Resources\Shaders\Misc\singlePassEffects.frag">
      <Filter>Resources\Shaders\Misc</Filter>
    </None>
    <None Include="..\Application\Resources\Shaders\Misc\upsample.frag">
      <Filter>Resources\Shaders\Misc</Filter>
    </None>
    <None Include="..\Application\Resources\Shaders\AntiAliasing\fxaa.frag">
      <Filter>Resources\Shaders\AntiAliasing</Filter>
    </None>
    <None Include="..\Application\Resources\Shaders\AntiAliasing\smaaBlendingWeightCalculation.frag">
      <Filter>Resources\Shaders\AntiAliasing</Filter>
    </None>
    <None Include="..\Application\Resources\Shaders\AntiAliasing\smaaBlendingWeightCalculation.vert">
      <Filter>Resources\Shaders\AntiAliasing</Filter>
    </None>
    <None Include="..\Application\Resources\Shaders\AntiAliasing\smaaEdgeDetection.frag">
      <Filter>Resources\Shaders\AntiAliasing</Filter>
    </None>
    <None Include="..\Application\Resources\Shaders\AntiAliasing\smaaEdgeDetection.vert">
      <Filter>Resources\Shaders\AntiAliasing</Filter>
    </None>
    <None Include="..\Application\Resources\Shaders\AntiAliasing\smaaNeighborhoodBlending.frag">
      <Filter>Resources\Shaders\AntiAliasing</Filter>
    </None>
    <None Include="..\Application\Resources\Shaders\AntiAliasing\smaaNeighborhoodBlending.vert">
      <Filter>Resources\Shaders\AntiAliasing</Filter>
    </None>
    <None Include="..\Application\Resources\Shaders\AntiAliasing\smaaResolve.frag">
      <Filter>Resources\Shaders\AntiAliasing</Filter>
    </None>
    <None Include="..\Application\Resources\Shaders\DepthOfField\coc.comp">
      <Filter>Resources\Shaders\DepthOfField</Filter>
    </None>
    <None Include="..\Application\Resources\Shaders\DepthOfField\cocBlur.comp">
      <Filter>Resources\Shaders\DepthOfField</Filter>
    </None>
    <None Include="..\Application\Resources\Shaders\DepthOfField\cocNeighborTileMax.frag">
      <Filter>Resources\Shaders\DepthOfField</Filter>
    </None>
    <None Include="..\Application\Resources\Shaders\DepthOfField\cocTileMax.frag">
      <Filter>Resources\Shaders\DepthOfField</Filter>
    </None>
    <None Include="..\Application\Resources\Shaders\DepthOfField\dofCombinedBlur.comp">
      <Filter>Resources\Shaders\DepthOfField</Filter>
    </None>
    <None Include="..\Application\Resources\Shaders\DepthOfField\dofSeperatedBlur.comp">
      <Filter>Resources\Shaders\DepthOfField</Filter>
    </None>
    <None Include="..\Application\Resources\Shaders\DepthOfField\dofSeperatedComposite.comp">
      <Filter>Resources\Shaders\DepthOfField</Filter>
    </None>
    <None Include="..\Application\Resources\Shaders\DepthOfField\dofSeperatedFill.comp">
      <Filter>Resources\Shaders\DepthOfField</Filter>
    </None>
    <None Include="..\Application\Resources\Shaders\DepthOfField\dofSimpleBlur.comp">
      <Filter>Resources\Shaders\DepthOfField</Filter>
    </None>
    <None Include="..\Application\Resources\Shaders\DepthOfField\dofSimpleComposite.comp">
      <Filter>Resources\Shaders\DepthOfField</Filter>
    </None>
    <None Include="..\Application\Resources\Shaders\DepthOfField\dofSimpleFill.comp">
      <Filter>Resources\Shaders\DepthOfField</Filter>
    </None>
    <None Include="..\Application\Resources\Shaders\DepthOfField\dofSprite.frag">
      <Filter>Resources\Shaders\DepthOfField</Filter>
    </None>
    <None Include="..\Application\Resources\Shaders\DepthOfField\dofSprite.vert">
      <Filter>Resources\Shaders\DepthOfField</Filter>
    </None>
    <None Include="..\Application\Resources\Shaders\DepthOfField\dofSpriteCompose.comp">
      <Filter>Resources\Shaders\DepthOfField</Filter>
    </None>
    <None Include="..\Application\Resources\Shaders\Exposure\histogram.comp">
      <Filter>Resources\Shaders\Exposure</Filter>
    </None>
    <None Include="..\Application\Resources\Shaders\Exposure\histogramAdaption.comp">
      <Filter>Resources\Shaders\Exposure</Filter>
    </None>
    <None Include="..\Application\Resources\Shaders\Exposure\histogramReduce.comp">
      <Filter>Resources\Shaders\Exposure</Filter>
    </None>
    <None Include="..\Application\Resources\Shaders\Exposure\luminanceAdaption.comp">
      <Filter>Resources\Shaders\Exposure</Filter>
    </None>
    <None Include="..\Application\Resources\Shaders\Exposure\luminanceGen.comp">
      <Filter>Resources\Shaders\Exposure</Filter>
    </None>
    <None Include="..\Application\Resources\Shaders\GodRays\godRayGen.comp">
      <Filter>Resources\Shaders\GodRays</Filter>
    </None>
    <None Include="..\Application\Resources\Shaders\GodRays\godRayMask.comp">
      <Filter>Resources\Shaders\GodRays</Filter>
    </None>
    <None Include="..\Application\Resources\Shaders\LensFlares\lensFlareBlur.frag">
      <Filter>Resources\Shaders\LensFlares</Filter>
    </None>
    <None Include="..\Application\Resources\Shaders\LensFlares\lensFlareGen.frag">
      <Filter>Resources\Shaders\LensFlares</Filter>
    </None>
    <None Include="..\Application\Resources\Shaders\Debug\boundingBox.frag">
      <Filter>Resources\Shaders\Debug</Filter>
    </None>
    <None Include="..\Application\Resources\Shaders\Debug\boundingBox.vert">
      <Filter>Resources\Shaders\Debug</Filter>
    </None>
    <None Include="..\Application\Resources\Shaders\DepthOfField\dofSeperatedDownsample.comp">
      <Filter>Resources\Shaders\DepthOfField</Filter>
    </None>
    <None Include="..\Application\Resources\Shaders\LensFlares\anamorphicDownsample.comp">
      <Filter>Resources\Shaders\LensFlares</Filter>
    </None>
    <None Include="..\Application\Resources\Shaders\LensFlares\anamorphicPrefilter.comp">
      <Filter>Resources\Shaders\LensFlares</Filter>
    </None>
    <None Include="..\Application\Resources\Shaders\LensFlares\anamorphicUpsample.comp">
      <Filter>Resources\Shaders\LensFlares</Filter>
    </None>
    <None Include="..\Application\Resources\Shaders\Bloom\downsample.comp">
      <Filter>Resources\Shaders\Bloom</Filter>
    </None>
    <None Include="..\Application\Resources\Shaders\Bloom\upsample.comp">
      <Filter>Resources\Shaders\Bloom</Filter>
    </None>
  </ItemGroup>
</Project>